// !$*UTF8*$!
{
	archiveVersion = 1;
	classes = {
	};
	objectVersion = 46;
	objects = {

/* Begin PBXBuildFile section */
		492BA14AC4D21FF919330997 /* Pods_Schplit.framework in Frameworks */ = {isa = PBXBuildFile; fileRef = 0B125B289520043FC976DD05 /* Pods_Schplit.framework */; };
		9FC1ABCD1DBA93F80024FDBE /* AppDelegate.swift in Sources */ = {isa = PBXBuildFile; fileRef = 9FC1ABCC1DBA93F80024FDBE /* AppDelegate.swift */; };
		9FC1ABD21DBA93F80024FDBE /* Main.storyboard in Resources */ = {isa = PBXBuildFile; fileRef = 9FC1ABD01DBA93F80024FDBE /* Main.storyboard */; };
		9FC1ABD71DBA93F80024FDBE /* Assets.xcassets in Resources */ = {isa = PBXBuildFile; fileRef = 9FC1ABD61DBA93F80024FDBE /* Assets.xcassets */; };
		9FC1ABDA1DBA93F80024FDBE /* LaunchScreen.storyboard in Resources */ = {isa = PBXBuildFile; fileRef = 9FC1ABD81DBA93F80024FDBE /* LaunchScreen.storyboard */; };
		9FC1ABF31DBA956C0024FDBE /* CreateBillViewController.swift in Sources */ = {isa = PBXBuildFile; fileRef = 9FC1ABF21DBA956C0024FDBE /* CreateBillViewController.swift */; };
		9FC1ABF61DBA95DA0024FDBE /* NibLoadingView.swift in Sources */ = {isa = PBXBuildFile; fileRef = 9FC1ABF51DBA95DA0024FDBE /* NibLoadingView.swift */; };
		9FC1ABF91DBA96250024FDBE /* CreateBillView.swift in Sources */ = {isa = PBXBuildFile; fileRef = 9FC1ABF81DBA96250024FDBE /* CreateBillView.swift */; };
		9FC1ABFB1DBA962E0024FDBE /* CreateBillView.xib in Resources */ = {isa = PBXBuildFile; fileRef = 9FC1ABFA1DBA962E0024FDBE /* CreateBillView.xib */; };
		9FC1ABFD1DBA96B30024FDBE /* FrontPageViewController.swift in Sources */ = {isa = PBXBuildFile; fileRef = 9FC1ABFC1DBA96B30024FDBE /* FrontPageViewController.swift */; };
		9FC1AC001DBA988C0024FDBE /* FrontPageView.swift in Sources */ = {isa = PBXBuildFile; fileRef = 9FC1ABFF1DBA988C0024FDBE /* FrontPageView.swift */; };
		9FC1AC021DBA98950024FDBE /* FrontPageView.xib in Resources */ = {isa = PBXBuildFile; fileRef = 9FC1AC011DBA98950024FDBE /* FrontPageView.xib */; };
		9FC1AC051DBA99690024FDBE /* FrontPageRouter.swift in Sources */ = {isa = PBXBuildFile; fileRef = 9FC1AC041DBA99690024FDBE /* FrontPageRouter.swift */; };
		9FC1AC081DBA9A080024FDBE /* FrontPageConfigurator.swift in Sources */ = {isa = PBXBuildFile; fileRef = 9FC1AC071DBA9A080024FDBE /* FrontPageConfigurator.swift */; };
		9FC1AC0B1DBA9E8F0024FDBE /* FrontPageViewControllerTest.swift in Sources */ = {isa = PBXBuildFile; fileRef = 9FC1AC0A1DBA9E8F0024FDBE /* FrontPageViewControllerTest.swift */; };
		9FC1AC0F1DBAA7220024FDBE /* CreateBillInteractor.swift in Sources */ = {isa = PBXBuildFile; fileRef = 9FC1AC0E1DBAA7220024FDBE /* CreateBillInteractor.swift */; };
		9FC1AC111DBAA74D0024FDBE /* CreateBillConfigurator.swift in Sources */ = {isa = PBXBuildFile; fileRef = 9FC1AC101DBAA74D0024FDBE /* CreateBillConfigurator.swift */; };
		9FC1AC141DBAA7E80024FDBE /* CreateBillPresenter.swift in Sources */ = {isa = PBXBuildFile; fileRef = 9FC1AC131DBAA7E80024FDBE /* CreateBillPresenter.swift */; };
		9FC1AC171DBAA8480024FDBE /* CreateBillViewModel.swift in Sources */ = {isa = PBXBuildFile; fileRef = 9FC1AC161DBAA8480024FDBE /* CreateBillViewModel.swift */; };
		9FC1AC191DBAA8E80024FDBE /* CreateBillViewControllerTest.swift in Sources */ = {isa = PBXBuildFile; fileRef = 9FC1AC181DBAA8E80024FDBE /* CreateBillViewControllerTest.swift */; };
		9FC1AC1D1DBAAA920024FDBE /* CreateBillInteractorTest.swift in Sources */ = {isa = PBXBuildFile; fileRef = 9FC1AC1C1DBAAA920024FDBE /* CreateBillInteractorTest.swift */; };
		9FC1AC1F1DBAABEF0024FDBE /* CreateBillPresenterTest.swift in Sources */ = {isa = PBXBuildFile; fileRef = 9FC1AC1E1DBAABEF0024FDBE /* CreateBillPresenterTest.swift */; };
		9FC1AC221DBAB1E30024FDBE /* SchplitterCell.swift in Sources */ = {isa = PBXBuildFile; fileRef = 9FC1AC211DBAB1E30024FDBE /* SchplitterCell.swift */; };
		9FC1AC241DBAB2290024FDBE /* SchplitterCell.xib in Resources */ = {isa = PBXBuildFile; fileRef = 9FC1AC231DBAB2290024FDBE /* SchplitterCell.xib */; };
		9FC1AC261DBAC25F0024FDBE /* AsyncTestUtil.swift in Sources */ = {isa = PBXBuildFile; fileRef = 9FC1AC251DBAC25F0024FDBE /* AsyncTestUtil.swift */; };
		9FC1AC291DBAC3F80024FDBE /* Bill.swift in Sources */ = {isa = PBXBuildFile; fileRef = 9FC1AC281DBAC3F80024FDBE /* Bill.swift */; };
		9FC1AC2C1DBAC5AF0024FDBE /* BillRepository.swift in Sources */ = {isa = PBXBuildFile; fileRef = 9FC1AC2B1DBAC5AF0024FDBE /* BillRepository.swift */; };
		9FC1AC2F1DBAC5EF0024FDBE /* RealmBill.swift in Sources */ = {isa = PBXBuildFile; fileRef = 9FC1AC2E1DBAC5EF0024FDBE /* RealmBill.swift */; };
		9FC1AC321DBAC82D0024FDBE /* BillService.swift in Sources */ = {isa = PBXBuildFile; fileRef = 9FC1AC311DBAC82D0024FDBE /* BillService.swift */; };
		C67B65AD32C8F86313649C76 /* Pods_SchplitTests.framework in Frameworks */ = {isa = PBXBuildFile; fileRef = 7941BC193422552E5543FD0B /* Pods_SchplitTests.framework */; };
/* End PBXBuildFile section */

/* Begin PBXContainerItemProxy section */
		9FC1ABE11DBA93F80024FDBE /* PBXContainerItemProxy */ = {
			isa = PBXContainerItemProxy;
			containerPortal = 9FC1ABC11DBA93F80024FDBE /* Project object */;
			proxyType = 1;
			remoteGlobalIDString = 9FC1ABC81DBA93F80024FDBE;
			remoteInfo = Schplit;
		};
/* End PBXContainerItemProxy section */

/* Begin PBXFileReference section */
		0B125B289520043FC976DD05 /* Pods_Schplit.framework */ = {isa = PBXFileReference; explicitFileType = wrapper.framework; includeInIndex = 0; path = Pods_Schplit.framework; sourceTree = BUILT_PRODUCTS_DIR; };
		0DDE3C92C7D64DD4BBC51352 /* Pods-Schplit.debug.xcconfig */ = {isa = PBXFileReference; includeInIndex = 1; lastKnownFileType = text.xcconfig; name = "Pods-Schplit.debug.xcconfig"; path = "Pods/Target Support Files/Pods-Schplit/Pods-Schplit.debug.xcconfig"; sourceTree = "<group>"; };
		103DC698F1D3D5EEACAAA60A /* Pods-SchplitTests.debug.xcconfig */ = {isa = PBXFileReference; includeInIndex = 1; lastKnownFileType = text.xcconfig; name = "Pods-SchplitTests.debug.xcconfig"; path = "Pods/Target Support Files/Pods-SchplitTests/Pods-SchplitTests.debug.xcconfig"; sourceTree = "<group>"; };
		7941BC193422552E5543FD0B /* Pods_SchplitTests.framework */ = {isa = PBXFileReference; explicitFileType = wrapper.framework; includeInIndex = 0; path = Pods_SchplitTests.framework; sourceTree = BUILT_PRODUCTS_DIR; };
		7ABE3F0B1C095C63D78B4FF4 /* Pods-SchplitTests.release.xcconfig */ = {isa = PBXFileReference; includeInIndex = 1; lastKnownFileType = text.xcconfig; name = "Pods-SchplitTests.release.xcconfig"; path = "Pods/Target Support Files/Pods-SchplitTests/Pods-SchplitTests.release.xcconfig"; sourceTree = "<group>"; };
		7C3EDCB2AE5339F3B4C3F988 /* Pods-Schplit.release.xcconfig */ = {isa = PBXFileReference; includeInIndex = 1; lastKnownFileType = text.xcconfig; name = "Pods-Schplit.release.xcconfig"; path = "Pods/Target Support Files/Pods-Schplit/Pods-Schplit.release.xcconfig"; sourceTree = "<group>"; };
		9FC1ABC91DBA93F80024FDBE /* Schplit.app */ = {isa = PBXFileReference; explicitFileType = wrapper.application; includeInIndex = 0; path = Schplit.app; sourceTree = BUILT_PRODUCTS_DIR; };
		9FC1ABCC1DBA93F80024FDBE /* AppDelegate.swift */ = {isa = PBXFileReference; lastKnownFileType = sourcecode.swift; path = AppDelegate.swift; sourceTree = "<group>"; };
		9FC1ABD11DBA93F80024FDBE /* Base */ = {isa = PBXFileReference; lastKnownFileType = file.storyboard; name = Base; path = Base.lproj/Main.storyboard; sourceTree = "<group>"; };
		9FC1ABD61DBA93F80024FDBE /* Assets.xcassets */ = {isa = PBXFileReference; lastKnownFileType = folder.assetcatalog; path = Assets.xcassets; sourceTree = "<group>"; };
		9FC1ABD91DBA93F80024FDBE /* Base */ = {isa = PBXFileReference; lastKnownFileType = file.storyboard; name = Base; path = Base.lproj/LaunchScreen.storyboard; sourceTree = "<group>"; };
		9FC1ABDB1DBA93F80024FDBE /* Info.plist */ = {isa = PBXFileReference; lastKnownFileType = text.plist.xml; path = Info.plist; sourceTree = "<group>"; };
		9FC1ABE01DBA93F80024FDBE /* SchplitTests.xctest */ = {isa = PBXFileReference; explicitFileType = wrapper.cfbundle; includeInIndex = 0; path = SchplitTests.xctest; sourceTree = BUILT_PRODUCTS_DIR; };
		9FC1ABE61DBA93F80024FDBE /* Info.plist */ = {isa = PBXFileReference; lastKnownFileType = text.plist.xml; path = Info.plist; sourceTree = "<group>"; };
		9FC1ABF21DBA956C0024FDBE /* CreateBillViewController.swift */ = {isa = PBXFileReference; fileEncoding = 4; lastKnownFileType = sourcecode.swift; path = CreateBillViewController.swift; sourceTree = "<group>"; };
		9FC1ABF51DBA95DA0024FDBE /* NibLoadingView.swift */ = {isa = PBXFileReference; fileEncoding = 4; lastKnownFileType = sourcecode.swift; path = NibLoadingView.swift; sourceTree = "<group>"; };
		9FC1ABF81DBA96250024FDBE /* CreateBillView.swift */ = {isa = PBXFileReference; fileEncoding = 4; lastKnownFileType = sourcecode.swift; path = CreateBillView.swift; sourceTree = "<group>"; };
		9FC1ABFA1DBA962E0024FDBE /* CreateBillView.xib */ = {isa = PBXFileReference; fileEncoding = 4; lastKnownFileType = file.xib; path = CreateBillView.xib; sourceTree = "<group>"; };
		9FC1ABFC1DBA96B30024FDBE /* FrontPageViewController.swift */ = {isa = PBXFileReference; fileEncoding = 4; lastKnownFileType = sourcecode.swift; path = FrontPageViewController.swift; sourceTree = "<group>"; };
		9FC1ABFF1DBA988C0024FDBE /* FrontPageView.swift */ = {isa = PBXFileReference; fileEncoding = 4; lastKnownFileType = sourcecode.swift; path = FrontPageView.swift; sourceTree = "<group>"; };
		9FC1AC011DBA98950024FDBE /* FrontPageView.xib */ = {isa = PBXFileReference; fileEncoding = 4; lastKnownFileType = file.xib; path = FrontPageView.xib; sourceTree = "<group>"; };
		9FC1AC041DBA99690024FDBE /* FrontPageRouter.swift */ = {isa = PBXFileReference; fileEncoding = 4; lastKnownFileType = sourcecode.swift; path = FrontPageRouter.swift; sourceTree = "<group>"; };
		9FC1AC071DBA9A080024FDBE /* FrontPageConfigurator.swift */ = {isa = PBXFileReference; fileEncoding = 4; lastKnownFileType = sourcecode.swift; path = FrontPageConfigurator.swift; sourceTree = "<group>"; };
		9FC1AC0A1DBA9E8F0024FDBE /* FrontPageViewControllerTest.swift */ = {isa = PBXFileReference; fileEncoding = 4; lastKnownFileType = sourcecode.swift; path = FrontPageViewControllerTest.swift; sourceTree = "<group>"; };
		9FC1AC0E1DBAA7220024FDBE /* CreateBillInteractor.swift */ = {isa = PBXFileReference; fileEncoding = 4; lastKnownFileType = sourcecode.swift; path = CreateBillInteractor.swift; sourceTree = "<group>"; };
		9FC1AC101DBAA74D0024FDBE /* CreateBillConfigurator.swift */ = {isa = PBXFileReference; fileEncoding = 4; lastKnownFileType = sourcecode.swift; path = CreateBillConfigurator.swift; sourceTree = "<group>"; };
		9FC1AC131DBAA7E80024FDBE /* CreateBillPresenter.swift */ = {isa = PBXFileReference; fileEncoding = 4; lastKnownFileType = sourcecode.swift; path = CreateBillPresenter.swift; sourceTree = "<group>"; };
		9FC1AC161DBAA8480024FDBE /* CreateBillViewModel.swift */ = {isa = PBXFileReference; fileEncoding = 4; lastKnownFileType = sourcecode.swift; path = CreateBillViewModel.swift; sourceTree = "<group>"; };
		9FC1AC181DBAA8E80024FDBE /* CreateBillViewControllerTest.swift */ = {isa = PBXFileReference; fileEncoding = 4; lastKnownFileType = sourcecode.swift; path = CreateBillViewControllerTest.swift; sourceTree = "<group>"; };
		9FC1AC1C1DBAAA920024FDBE /* CreateBillInteractorTest.swift */ = {isa = PBXFileReference; fileEncoding = 4; lastKnownFileType = sourcecode.swift; path = CreateBillInteractorTest.swift; sourceTree = "<group>"; };
		9FC1AC1E1DBAABEF0024FDBE /* CreateBillPresenterTest.swift */ = {isa = PBXFileReference; fileEncoding = 4; lastKnownFileType = sourcecode.swift; path = CreateBillPresenterTest.swift; sourceTree = "<group>"; };
		9FC1AC211DBAB1E30024FDBE /* SchplitterCell.swift */ = {isa = PBXFileReference; fileEncoding = 4; lastKnownFileType = sourcecode.swift; path = SchplitterCell.swift; sourceTree = "<group>"; };
		9FC1AC231DBAB2290024FDBE /* SchplitterCell.xib */ = {isa = PBXFileReference; fileEncoding = 4; lastKnownFileType = file.xib; path = SchplitterCell.xib; sourceTree = "<group>"; };
		9FC1AC251DBAC25F0024FDBE /* AsyncTestUtil.swift */ = {isa = PBXFileReference; fileEncoding = 4; lastKnownFileType = sourcecode.swift; path = AsyncTestUtil.swift; sourceTree = "<group>"; };
		9FC1AC281DBAC3F80024FDBE /* Bill.swift */ = {isa = PBXFileReference; fileEncoding = 4; lastKnownFileType = sourcecode.swift; path = Bill.swift; sourceTree = "<group>"; };
		9FC1AC2B1DBAC5AF0024FDBE /* BillRepository.swift */ = {isa = PBXFileReference; fileEncoding = 4; lastKnownFileType = sourcecode.swift; path = BillRepository.swift; sourceTree = "<group>"; };
		9FC1AC2E1DBAC5EF0024FDBE /* RealmBill.swift */ = {isa = PBXFileReference; fileEncoding = 4; lastKnownFileType = sourcecode.swift; path = RealmBill.swift; sourceTree = "<group>"; };
		9FC1AC311DBAC82D0024FDBE /* BillService.swift */ = {isa = PBXFileReference; fileEncoding = 4; lastKnownFileType = sourcecode.swift; path = BillService.swift; sourceTree = "<group>"; };
/* End PBXFileReference section */

/* Begin PBXFrameworksBuildPhase section */
		9FC1ABC61DBA93F80024FDBE /* Frameworks */ = {
			isa = PBXFrameworksBuildPhase;
			buildActionMask = 2147483647;
			files = (
				492BA14AC4D21FF919330997 /* Pods_Schplit.framework in Frameworks */,
			);
			runOnlyForDeploymentPostprocessing = 0;
		};
		9FC1ABDD1DBA93F80024FDBE /* Frameworks */ = {
			isa = PBXFrameworksBuildPhase;
			buildActionMask = 2147483647;
			files = (
				C67B65AD32C8F86313649C76 /* Pods_SchplitTests.framework in Frameworks */,
			);
			runOnlyForDeploymentPostprocessing = 0;
		};
/* End PBXFrameworksBuildPhase section */

/* Begin PBXGroup section */
		70AD9221BB08BB22297B7B5A /* Pods */ = {
			isa = PBXGroup;
			children = (
				0DDE3C92C7D64DD4BBC51352 /* Pods-Schplit.debug.xcconfig */,
				7C3EDCB2AE5339F3B4C3F988 /* Pods-Schplit.release.xcconfig */,
				103DC698F1D3D5EEACAAA60A /* Pods-SchplitTests.debug.xcconfig */,
				7ABE3F0B1C095C63D78B4FF4 /* Pods-SchplitTests.release.xcconfig */,
			);
			name = Pods;
			sourceTree = "<group>";
		};
		9FC1ABC01DBA93F80024FDBE = {
			isa = PBXGroup;
			children = (
				9FC1ABCB1DBA93F80024FDBE /* Schplit */,
				9FC1ABE31DBA93F80024FDBE /* SchplitTests */,
				9FC1ABCA1DBA93F80024FDBE /* Products */,
				70AD9221BB08BB22297B7B5A /* Pods */,
				D12EF201340C2237B9357660 /* Frameworks */,
			);
			sourceTree = "<group>";
		};
		9FC1ABCA1DBA93F80024FDBE /* Products */ = {
			isa = PBXGroup;
			children = (
				9FC1ABC91DBA93F80024FDBE /* Schplit.app */,
				9FC1ABE01DBA93F80024FDBE /* SchplitTests.xctest */,
			);
			name = Products;
			sourceTree = "<group>";
		};
		9FC1ABCB1DBA93F80024FDBE /* Schplit */ = {
			isa = PBXGroup;
			children = (
				9FC1ABCC1DBA93F80024FDBE /* AppDelegate.swift */,
				9FC1ABD61DBA93F80024FDBE /* Assets.xcassets */,
				9FC1ABDB1DBA93F80024FDBE /* Info.plist */,
				9FC1ABEF1DBA95080024FDBE /* Storyboards */,
				9FC1ABF01DBA95360024FDBE /* Views */,
				9FC1ABF11DBA954B0024FDBE /* ViewControllers */,
				9FC1AC0D1DBAA6A10024FDBE /* Interactors */,
				9FC1AC121DBAA7CD0024FDBE /* Presenters */,
				9FC1AC151DBAA8300024FDBE /* ViewModels */,
				9FC1AC271DBAC3E50024FDBE /* Models */,
				9FC1AC301DBAC81A0024FDBE /* Services */,
				9FC1AC2A1DBAC5970024FDBE /* Repositories */,
				9FC1AC031DBA99540024FDBE /* Routers */,
				9FC1AC2D1DBAC5DB0024FDBE /* RealmModels */,
				9FC1AC061DBA99E10024FDBE /* Configurators */,
			);
			path = Schplit;
			sourceTree = "<group>";
		};
		9FC1ABE31DBA93F80024FDBE /* SchplitTests */ = {
			isa = PBXGroup;
			children = (
				9FC1ABE61DBA93F80024FDBE /* Info.plist */,
				9FC1AC091DBA9E790024FDBE /* ViewControllers */,
				9FC1AC1A1DBAAA670024FDBE /* Interactors */,
				9FC1AC1B1DBAAA7A0024FDBE /* Presenters */,
				9FC1AC251DBAC25F0024FDBE /* AsyncTestUtil.swift */,
			);
			path = SchplitTests;
			sourceTree = "<group>";
		};
		9FC1ABEF1DBA95080024FDBE /* Storyboards */ = {
			isa = PBXGroup;
			children = (
				9FC1ABD01DBA93F80024FDBE /* Main.storyboard */,
				9FC1ABD81DBA93F80024FDBE /* LaunchScreen.storyboard */,
			);
			name = Storyboards;
			sourceTree = "<group>";
		};
		9FC1ABF01DBA95360024FDBE /* Views */ = {
			isa = PBXGroup;
			children = (
				9FC1ABFE1DBA987A0024FDBE /* FrontPageView */,
				9FC1ABF71DBA95F00024FDBE /* CreateBillView */,
				9FC1ABF41DBA958D0024FDBE /* NibLoadingView */,
			);
			path = Views;
			sourceTree = "<group>";
		};
		9FC1ABF11DBA954B0024FDBE /* ViewControllers */ = {
			isa = PBXGroup;
			children = (
				9FC1ABFC1DBA96B30024FDBE /* FrontPageViewController.swift */,
				9FC1ABF21DBA956C0024FDBE /* CreateBillViewController.swift */,
			);
			path = ViewControllers;
			sourceTree = "<group>";
		};
		9FC1ABF41DBA958D0024FDBE /* NibLoadingView */ = {
			isa = PBXGroup;
			children = (
				9FC1ABF51DBA95DA0024FDBE /* NibLoadingView.swift */,
			);
			path = NibLoadingView;
			sourceTree = "<group>";
		};
		9FC1ABF71DBA95F00024FDBE /* CreateBillView */ = {
			isa = PBXGroup;
			children = (
				9FC1AC201DBAB1CF0024FDBE /* Cells */,
				9FC1ABF81DBA96250024FDBE /* CreateBillView.swift */,
				9FC1ABFA1DBA962E0024FDBE /* CreateBillView.xib */,
			);
			path = CreateBillView;
			sourceTree = "<group>";
		};
		9FC1ABFE1DBA987A0024FDBE /* FrontPageView */ = {
			isa = PBXGroup;
			children = (
				9FC1ABFF1DBA988C0024FDBE /* FrontPageView.swift */,
				9FC1AC011DBA98950024FDBE /* FrontPageView.xib */,
			);
			path = FrontPageView;
			sourceTree = "<group>";
		};
		9FC1AC031DBA99540024FDBE /* Routers */ = {
			isa = PBXGroup;
			children = (
				9FC1AC041DBA99690024FDBE /* FrontPageRouter.swift */,
			);
			path = Routers;
			sourceTree = "<group>";
		};
		9FC1AC061DBA99E10024FDBE /* Configurators */ = {
			isa = PBXGroup;
			children = (
				9FC1AC071DBA9A080024FDBE /* FrontPageConfigurator.swift */,
				9FC1AC101DBAA74D0024FDBE /* CreateBillConfigurator.swift */,
			);
			path = Configurators;
			sourceTree = "<group>";
		};
		9FC1AC091DBA9E790024FDBE /* ViewControllers */ = {
			isa = PBXGroup;
			children = (
				9FC1AC0A1DBA9E8F0024FDBE /* FrontPageViewControllerTest.swift */,
				9FC1AC181DBAA8E80024FDBE /* CreateBillViewControllerTest.swift */,
			);
			path = ViewControllers;
			sourceTree = "<group>";
		};
		9FC1AC0D1DBAA6A10024FDBE /* Interactors */ = {
			isa = PBXGroup;
			children = (
				9FC1AC0E1DBAA7220024FDBE /* CreateBillInteractor.swift */,
			);
			path = Interactors;
			sourceTree = "<group>";
		};
		9FC1AC121DBAA7CD0024FDBE /* Presenters */ = {
			isa = PBXGroup;
			children = (
				9FC1AC131DBAA7E80024FDBE /* CreateBillPresenter.swift */,
			);
			path = Presenters;
			sourceTree = "<group>";
		};
		9FC1AC151DBAA8300024FDBE /* ViewModels */ = {
			isa = PBXGroup;
			children = (
				9FC1AC161DBAA8480024FDBE /* CreateBillViewModel.swift */,
			);
			path = ViewModels;
			sourceTree = "<group>";
		};
		9FC1AC1A1DBAAA670024FDBE /* Interactors */ = {
			isa = PBXGroup;
			children = (
				9FC1AC1C1DBAAA920024FDBE /* CreateBillInteractorTest.swift */,
			);
			path = Interactors;
			sourceTree = "<group>";
		};
		9FC1AC1B1DBAAA7A0024FDBE /* Presenters */ = {
			isa = PBXGroup;
			children = (
				9FC1AC1E1DBAABEF0024FDBE /* CreateBillPresenterTest.swift */,
			);
			path = Presenters;
			sourceTree = "<group>";
		};
		9FC1AC201DBAB1CF0024FDBE /* Cells */ = {
			isa = PBXGroup;
			children = (
				9FC1AC211DBAB1E30024FDBE /* SchplitterCell.swift */,
				9FC1AC231DBAB2290024FDBE /* SchplitterCell.xib */,
			);
			path = Cells;
			sourceTree = "<group>";
		};
		9FC1AC271DBAC3E50024FDBE /* Models */ = {
			isa = PBXGroup;
			children = (
				9FC1AC281DBAC3F80024FDBE /* Bill.swift */,
			);
			path = Models;
			sourceTree = "<group>";
		};
		9FC1AC2A1DBAC5970024FDBE /* Repositories */ = {
			isa = PBXGroup;
			children = (
				9FC1AC2B1DBAC5AF0024FDBE /* BillRepository.swift */,
			);
			path = Repositories;
			sourceTree = "<group>";
		};
		9FC1AC2D1DBAC5DB0024FDBE /* RealmModels */ = {
			isa = PBXGroup;
			children = (
				9FC1AC2E1DBAC5EF0024FDBE /* RealmBill.swift */,
			);
			path = RealmModels;
			sourceTree = "<group>";
		};
		9FC1AC301DBAC81A0024FDBE /* Services */ = {
			isa = PBXGroup;
			children = (
				9FC1AC311DBAC82D0024FDBE /* BillService.swift */,
			);
			path = Services;
			sourceTree = "<group>";
		};
		D12EF201340C2237B9357660 /* Frameworks */ = {
			isa = PBXGroup;
			children = (
				0B125B289520043FC976DD05 /* Pods_Schplit.framework */,
				7941BC193422552E5543FD0B /* Pods_SchplitTests.framework */,
			);
			name = Frameworks;
			sourceTree = "<group>";
		};
/* End PBXGroup section */

/* Begin PBXNativeTarget section */
		9FC1ABC81DBA93F80024FDBE /* Schplit */ = {
			isa = PBXNativeTarget;
			buildConfigurationList = 9FC1ABE91DBA93F80024FDBE /* Build configuration list for PBXNativeTarget "Schplit" */;
			buildPhases = (
				96867384DB1DB4F530007EA6 /* [CP] Check Pods Manifest.lock */,
				9FC1ABC51DBA93F80024FDBE /* Sources */,
				9FC1ABC61DBA93F80024FDBE /* Frameworks */,
				9FC1ABC71DBA93F80024FDBE /* Resources */,
				7EFE216612E67FEB79575D5D /* [CP] Embed Pods Frameworks */,
				729011778C24E4982945FBCD /* [CP] Copy Pods Resources */,
			);
			buildRules = (
			);
			dependencies = (
			);
			name = Schplit;
			productName = Schplit;
			productReference = 9FC1ABC91DBA93F80024FDBE /* Schplit.app */;
			productType = "com.apple.product-type.application";
		};
		9FC1ABDF1DBA93F80024FDBE /* SchplitTests */ = {
			isa = PBXNativeTarget;
			buildConfigurationList = 9FC1ABEC1DBA93F80024FDBE /* Build configuration list for PBXNativeTarget "SchplitTests" */;
			buildPhases = (
				EE71FB70CECE5C2B46874033 /* [CP] Check Pods Manifest.lock */,
				9FC1ABDC1DBA93F80024FDBE /* Sources */,
				9FC1ABDD1DBA93F80024FDBE /* Frameworks */,
				9FC1ABDE1DBA93F80024FDBE /* Resources */,
				4D9A2BA5037D6B1A1A1823A2 /* [CP] Embed Pods Frameworks */,
				5304C93490F1BE78EC1AD42D /* [CP] Copy Pods Resources */,
			);
			buildRules = (
			);
			dependencies = (
				9FC1ABE21DBA93F80024FDBE /* PBXTargetDependency */,
			);
			name = SchplitTests;
			productName = SchplitTests;
			productReference = 9FC1ABE01DBA93F80024FDBE /* SchplitTests.xctest */;
			productType = "com.apple.product-type.bundle.unit-test";
		};
/* End PBXNativeTarget section */

/* Begin PBXProject section */
		9FC1ABC11DBA93F80024FDBE /* Project object */ = {
			isa = PBXProject;
			attributes = {
				LastSwiftUpdateCheck = 0800;
				LastUpgradeCheck = 0800;
				ORGANIZATIONNAME = "Anders Ullnæss";
				TargetAttributes = {
					9FC1ABC81DBA93F80024FDBE = {
						CreatedOnToolsVersion = 8.0;
						DevelopmentTeam = 643MJ6ZSSD;
						ProvisioningStyle = Automatic;
					};
					9FC1ABDF1DBA93F80024FDBE = {
						CreatedOnToolsVersion = 8.0;
						DevelopmentTeam = 643MJ6ZSSD;
						ProvisioningStyle = Automatic;
						TestTargetID = 9FC1ABC81DBA93F80024FDBE;
					};
				};
			};
			buildConfigurationList = 9FC1ABC41DBA93F80024FDBE /* Build configuration list for PBXProject "Schplit" */;
			compatibilityVersion = "Xcode 3.2";
			developmentRegion = English;
			hasScannedForEncodings = 0;
			knownRegions = (
				en,
				Base,
			);
			mainGroup = 9FC1ABC01DBA93F80024FDBE;
			productRefGroup = 9FC1ABCA1DBA93F80024FDBE /* Products */;
			projectDirPath = "";
			projectRoot = "";
			targets = (
				9FC1ABC81DBA93F80024FDBE /* Schplit */,
				9FC1ABDF1DBA93F80024FDBE /* SchplitTests */,
			);
		};
/* End PBXProject section */

/* Begin PBXResourcesBuildPhase section */
		9FC1ABC71DBA93F80024FDBE /* Resources */ = {
			isa = PBXResourcesBuildPhase;
			buildActionMask = 2147483647;
			files = (
				9FC1ABDA1DBA93F80024FDBE /* LaunchScreen.storyboard in Resources */,
				9FC1AC021DBA98950024FDBE /* FrontPageView.xib in Resources */,
				9FC1ABFB1DBA962E0024FDBE /* CreateBillView.xib in Resources */,
				9FC1AC241DBAB2290024FDBE /* SchplitterCell.xib in Resources */,
				9FC1ABD71DBA93F80024FDBE /* Assets.xcassets in Resources */,
				9FC1ABD21DBA93F80024FDBE /* Main.storyboard in Resources */,
			);
			runOnlyForDeploymentPostprocessing = 0;
		};
		9FC1ABDE1DBA93F80024FDBE /* Resources */ = {
			isa = PBXResourcesBuildPhase;
			buildActionMask = 2147483647;
			files = (
			);
			runOnlyForDeploymentPostprocessing = 0;
		};
/* End PBXResourcesBuildPhase section */

/* Begin PBXShellScriptBuildPhase section */
		4D9A2BA5037D6B1A1A1823A2 /* [CP] Embed Pods Frameworks */ = {
			isa = PBXShellScriptBuildPhase;
			buildActionMask = 2147483647;
			files = (
			);
			inputPaths = (
			);
			name = "[CP] Embed Pods Frameworks";
			outputPaths = (
			);
			runOnlyForDeploymentPostprocessing = 0;
			shellPath = /bin/sh;
			shellScript = "\"${SRCROOT}/Pods/Target Support Files/Pods-SchplitTests/Pods-SchplitTests-frameworks.sh\"\n";
			showEnvVarsInLog = 0;
		};
		5304C93490F1BE78EC1AD42D /* [CP] Copy Pods Resources */ = {
			isa = PBXShellScriptBuildPhase;
			buildActionMask = 2147483647;
			files = (
			);
			inputPaths = (
			);
			name = "[CP] Copy Pods Resources";
			outputPaths = (
			);
			runOnlyForDeploymentPostprocessing = 0;
			shellPath = /bin/sh;
			shellScript = "\"${SRCROOT}/Pods/Target Support Files/Pods-SchplitTests/Pods-SchplitTests-resources.sh\"\n";
			showEnvVarsInLog = 0;
		};
		729011778C24E4982945FBCD /* [CP] Copy Pods Resources */ = {
			isa = PBXShellScriptBuildPhase;
			buildActionMask = 2147483647;
			files = (
			);
			inputPaths = (
			);
			name = "[CP] Copy Pods Resources";
			outputPaths = (
			);
			runOnlyForDeploymentPostprocessing = 0;
			shellPath = /bin/sh;
			shellScript = "\"${SRCROOT}/Pods/Target Support Files/Pods-Schplit/Pods-Schplit-resources.sh\"\n";
			showEnvVarsInLog = 0;
		};
		7EFE216612E67FEB79575D5D /* [CP] Embed Pods Frameworks */ = {
			isa = PBXShellScriptBuildPhase;
			buildActionMask = 2147483647;
			files = (
			);
			inputPaths = (
			);
			name = "[CP] Embed Pods Frameworks";
			outputPaths = (
			);
			runOnlyForDeploymentPostprocessing = 0;
			shellPath = /bin/sh;
			shellScript = "\"${SRCROOT}/Pods/Target Support Files/Pods-Schplit/Pods-Schplit-frameworks.sh\"\n";
			showEnvVarsInLog = 0;
		};
		96867384DB1DB4F530007EA6 /* [CP] Check Pods Manifest.lock */ = {
			isa = PBXShellScriptBuildPhase;
			buildActionMask = 2147483647;
			files = (
			);
			inputPaths = (
			);
			name = "[CP] Check Pods Manifest.lock";
			outputPaths = (
			);
			runOnlyForDeploymentPostprocessing = 0;
			shellPath = /bin/sh;
			shellScript = "diff \"${PODS_ROOT}/../Podfile.lock\" \"${PODS_ROOT}/Manifest.lock\" > /dev/null\nif [ $? != 0 ] ; then\n    # print error to STDERR\n    echo \"error: The sandbox is not in sync with the Podfile.lock. Run 'pod install' or update your CocoaPods installation.\" >&2\n    exit 1\nfi\n";
			showEnvVarsInLog = 0;
		};
		EE71FB70CECE5C2B46874033 /* [CP] Check Pods Manifest.lock */ = {
			isa = PBXShellScriptBuildPhase;
			buildActionMask = 2147483647;
			files = (
			);
			inputPaths = (
			);
			name = "[CP] Check Pods Manifest.lock";
			outputPaths = (
			);
			runOnlyForDeploymentPostprocessing = 0;
			shellPath = /bin/sh;
			shellScript = "diff \"${PODS_ROOT}/../Podfile.lock\" \"${PODS_ROOT}/Manifest.lock\" > /dev/null\nif [ $? != 0 ] ; then\n    # print error to STDERR\n    echo \"error: The sandbox is not in sync with the Podfile.lock. Run 'pod install' or update your CocoaPods installation.\" >&2\n    exit 1\nfi\n";
			showEnvVarsInLog = 0;
		};
/* End PBXShellScriptBuildPhase section */

/* Begin PBXSourcesBuildPhase section */
		9FC1ABC51DBA93F80024FDBE /* Sources */ = {
			isa = PBXSourcesBuildPhase;
			buildActionMask = 2147483647;
			files = (
				9FC1ABF61DBA95DA0024FDBE /* NibLoadingView.swift in Sources */,
				9FC1ABFD1DBA96B30024FDBE /* FrontPageViewController.swift in Sources */,
				9FC1ABF91DBA96250024FDBE /* CreateBillView.swift in Sources */,
				9FC1AC321DBAC82D0024FDBE /* BillService.swift in Sources */,
				9FC1AC171DBAA8480024FDBE /* CreateBillViewModel.swift in Sources */,
				9FC1AC291DBAC3F80024FDBE /* Bill.swift in Sources */,
				9FC1ABF31DBA956C0024FDBE /* CreateBillViewController.swift in Sources */,
				9FC1ABCD1DBA93F80024FDBE /* AppDelegate.swift in Sources */,
				9FC1AC111DBAA74D0024FDBE /* CreateBillConfigurator.swift in Sources */,
				9FC1AC2C1DBAC5AF0024FDBE /* BillRepository.swift in Sources */,
				9FC1AC001DBA988C0024FDBE /* FrontPageView.swift in Sources */,
				9FC1AC051DBA99690024FDBE /* FrontPageRouter.swift in Sources */,
				9FC1AC141DBAA7E80024FDBE /* CreateBillPresenter.swift in Sources */,
				9FC1AC0F1DBAA7220024FDBE /* CreateBillInteractor.swift in Sources */,
				9FC1AC221DBAB1E30024FDBE /* SchplitterCell.swift in Sources */,
				9FC1AC2F1DBAC5EF0024FDBE /* RealmBill.swift in Sources */,
				9FC1AC081DBA9A080024FDBE /* FrontPageConfigurator.swift in Sources */,
			);
			runOnlyForDeploymentPostprocessing = 0;
		};
		9FC1ABDC1DBA93F80024FDBE /* Sources */ = {
			isa = PBXSourcesBuildPhase;
			buildActionMask = 2147483647;
			files = (
				9FC1AC191DBAA8E80024FDBE /* CreateBillViewControllerTest.swift in Sources */,
				9FC1AC0B1DBA9E8F0024FDBE /* FrontPageViewControllerTest.swift in Sources */,
				9FC1AC1D1DBAAA920024FDBE /* CreateBillInteractorTest.swift in Sources */,
				9FC1AC1F1DBAABEF0024FDBE /* CreateBillPresenterTest.swift in Sources */,
				9FC1AC261DBAC25F0024FDBE /* AsyncTestUtil.swift in Sources */,
			);
			runOnlyForDeploymentPostprocessing = 0;
		};
/* End PBXSourcesBuildPhase section */

/* Begin PBXTargetDependency section */
		9FC1ABE21DBA93F80024FDBE /* PBXTargetDependency */ = {
			isa = PBXTargetDependency;
			target = 9FC1ABC81DBA93F80024FDBE /* Schplit */;
			targetProxy = 9FC1ABE11DBA93F80024FDBE /* PBXContainerItemProxy */;
		};
/* End PBXTargetDependency section */

/* Begin PBXVariantGroup section */
		9FC1ABD01DBA93F80024FDBE /* Main.storyboard */ = {
			isa = PBXVariantGroup;
			children = (
				9FC1ABD11DBA93F80024FDBE /* Base */,
			);
			name = Main.storyboard;
			sourceTree = "<group>";
		};
		9FC1ABD81DBA93F80024FDBE /* LaunchScreen.storyboard */ = {
			isa = PBXVariantGroup;
			children = (
				9FC1ABD91DBA93F80024FDBE /* Base */,
			);
			name = LaunchScreen.storyboard;
			sourceTree = "<group>";
		};
/* End PBXVariantGroup section */

/* Begin XCBuildConfiguration section */
		9FC1ABE71DBA93F80024FDBE /* Debug */ = {
			isa = XCBuildConfiguration;
			buildSettings = {
				ALWAYS_SEARCH_USER_PATHS = NO;
				CLANG_ANALYZER_NONNULL = YES;
				CLANG_CXX_LANGUAGE_STANDARD = "gnu++0x";
				CLANG_CXX_LIBRARY = "libc++";
				CLANG_ENABLE_MODULES = YES;
				CLANG_ENABLE_OBJC_ARC = YES;
				CLANG_WARN_BOOL_CONVERSION = YES;
				CLANG_WARN_CONSTANT_CONVERSION = YES;
				CLANG_WARN_DIRECT_OBJC_ISA_USAGE = YES_ERROR;
				CLANG_WARN_DOCUMENTATION_COMMENTS = YES;
				CLANG_WARN_EMPTY_BODY = YES;
				CLANG_WARN_ENUM_CONVERSION = YES;
				CLANG_WARN_INFINITE_RECURSION = YES;
				CLANG_WARN_INT_CONVERSION = YES;
				CLANG_WARN_OBJC_ROOT_CLASS = YES_ERROR;
				CLANG_WARN_SUSPICIOUS_MOVES = YES;
				CLANG_WARN_UNREACHABLE_CODE = YES;
				CLANG_WARN__DUPLICATE_METHOD_MATCH = YES;
				"CODE_SIGN_IDENTITY[sdk=iphoneos*]" = "iPhone Developer";
				COPY_PHASE_STRIP = NO;
				DEBUG_INFORMATION_FORMAT = dwarf;
				ENABLE_STRICT_OBJC_MSGSEND = YES;
				ENABLE_TESTABILITY = YES;
				GCC_C_LANGUAGE_STANDARD = gnu99;
				GCC_DYNAMIC_NO_PIC = NO;
				GCC_NO_COMMON_BLOCKS = YES;
				GCC_OPTIMIZATION_LEVEL = 0;
				GCC_PREPROCESSOR_DEFINITIONS = (
					"DEBUG=1",
					"$(inherited)",
				);
				GCC_WARN_64_TO_32_BIT_CONVERSION = YES;
				GCC_WARN_ABOUT_RETURN_TYPE = YES_ERROR;
				GCC_WARN_UNDECLARED_SELECTOR = YES;
				GCC_WARN_UNINITIALIZED_AUTOS = YES_AGGRESSIVE;
				GCC_WARN_UNUSED_FUNCTION = YES;
				GCC_WARN_UNUSED_VARIABLE = YES;
				IPHONEOS_DEPLOYMENT_TARGET = 10.0;
				MTL_ENABLE_DEBUG_INFO = YES;
				ONLY_ACTIVE_ARCH = YES;
				SDKROOT = iphoneos;
				SWIFT_ACTIVE_COMPILATION_CONDITIONS = DEBUG;
				SWIFT_OPTIMIZATION_LEVEL = "-Onone";
				TARGETED_DEVICE_FAMILY = "1,2";
			};
			name = Debug;
		};
		9FC1ABE81DBA93F80024FDBE /* Release */ = {
			isa = XCBuildConfiguration;
			buildSettings = {
				ALWAYS_SEARCH_USER_PATHS = NO;
				CLANG_ANALYZER_NONNULL = YES;
				CLANG_CXX_LANGUAGE_STANDARD = "gnu++0x";
				CLANG_CXX_LIBRARY = "libc++";
				CLANG_ENABLE_MODULES = YES;
				CLANG_ENABLE_OBJC_ARC = YES;
				CLANG_WARN_BOOL_CONVERSION = YES;
				CLANG_WARN_CONSTANT_CONVERSION = YES;
				CLANG_WARN_DIRECT_OBJC_ISA_USAGE = YES_ERROR;
				CLANG_WARN_DOCUMENTATION_COMMENTS = YES;
				CLANG_WARN_EMPTY_BODY = YES;
				CLANG_WARN_ENUM_CONVERSION = YES;
				CLANG_WARN_INFINITE_RECURSION = YES;
				CLANG_WARN_INT_CONVERSION = YES;
				CLANG_WARN_OBJC_ROOT_CLASS = YES_ERROR;
				CLANG_WARN_SUSPICIOUS_MOVES = YES;
				CLANG_WARN_UNREACHABLE_CODE = YES;
				CLANG_WARN__DUPLICATE_METHOD_MATCH = YES;
				"CODE_SIGN_IDENTITY[sdk=iphoneos*]" = "iPhone Developer";
				COPY_PHASE_STRIP = NO;
				DEBUG_INFORMATION_FORMAT = "dwarf-with-dsym";
				ENABLE_NS_ASSERTIONS = NO;
				ENABLE_STRICT_OBJC_MSGSEND = YES;
				GCC_C_LANGUAGE_STANDARD = gnu99;
				GCC_NO_COMMON_BLOCKS = YES;
				GCC_WARN_64_TO_32_BIT_CONVERSION = YES;
				GCC_WARN_ABOUT_RETURN_TYPE = YES_ERROR;
				GCC_WARN_UNDECLARED_SELECTOR = YES;
				GCC_WARN_UNINITIALIZED_AUTOS = YES_AGGRESSIVE;
				GCC_WARN_UNUSED_FUNCTION = YES;
				GCC_WARN_UNUSED_VARIABLE = YES;
				IPHONEOS_DEPLOYMENT_TARGET = 10.0;
				MTL_ENABLE_DEBUG_INFO = NO;
				SDKROOT = iphoneos;
				SWIFT_OPTIMIZATION_LEVEL = "-Owholemodule";
				TARGETED_DEVICE_FAMILY = "1,2";
				VALIDATE_PRODUCT = YES;
			};
			name = Release;
		};
		9FC1ABEA1DBA93F80024FDBE /* Debug */ = {
			isa = XCBuildConfiguration;
			baseConfigurationReference = 0DDE3C92C7D64DD4BBC51352 /* Pods-Schplit.debug.xcconfig */;
			buildSettings = {
				ALWAYS_EMBED_SWIFT_STANDARD_LIBRARIES = "$(inherited)";
				ASSETCATALOG_COMPILER_APPICON_NAME = AppIcon;
				DEVELOPMENT_TEAM = 643MJ6ZSSD;
				INFOPLIST_FILE = Schplit/Info.plist;
				LD_RUNPATH_SEARCH_PATHS = "$(inherited) @executable_path/Frameworks";
				PRODUCT_BUNDLE_IDENTIFIER = no.andersu.Schplit;
				PRODUCT_NAME = "$(TARGET_NAME)";
				SWIFT_VERSION = 3.0;
			};
			name = Debug;
		};
		9FC1ABEB1DBA93F80024FDBE /* Release */ = {
			isa = XCBuildConfiguration;
			baseConfigurationReference = 7C3EDCB2AE5339F3B4C3F988 /* Pods-Schplit.release.xcconfig */;
			buildSettings = {
				ALWAYS_EMBED_SWIFT_STANDARD_LIBRARIES = "$(inherited)";
				ASSETCATALOG_COMPILER_APPICON_NAME = AppIcon;
				DEVELOPMENT_TEAM = 643MJ6ZSSD;
				INFOPLIST_FILE = Schplit/Info.plist;
				LD_RUNPATH_SEARCH_PATHS = "$(inherited) @executable_path/Frameworks";
				PRODUCT_BUNDLE_IDENTIFIER = no.andersu.Schplit;
				PRODUCT_NAME = "$(TARGET_NAME)";
				SWIFT_VERSION = 3.0;
			};
			name = Release;
		};
		9FC1ABED1DBA93F80024FDBE /* Debug */ = {
			isa = XCBuildConfiguration;
			baseConfigurationReference = 103DC698F1D3D5EEACAAA60A /* Pods-SchplitTests.debug.xcconfig */;
			buildSettings = {
				ALWAYS_EMBED_SWIFT_STANDARD_LIBRARIES = "$(inherited)";
				BUNDLE_LOADER = "$(TEST_HOST)";
				DEVELOPMENT_TEAM = 643MJ6ZSSD;
				INFOPLIST_FILE = SchplitTests/Info.plist;
				LD_RUNPATH_SEARCH_PATHS = "$(inherited) @executable_path/Frameworks @loader_path/Frameworks";
				PRODUCT_BUNDLE_IDENTIFIER = no.andersu.SchplitTests;
				PRODUCT_NAME = "$(TARGET_NAME)";
				SWIFT_VERSION = 3.0;
				TEST_HOST = "$(BUILT_PRODUCTS_DIR)/Schplit.app/Schplit";
			};
			name = Debug;
		};
		9FC1ABEE1DBA93F80024FDBE /* Release */ = {
			isa = XCBuildConfiguration;
			baseConfigurationReference = 7ABE3F0B1C095C63D78B4FF4 /* Pods-SchplitTests.release.xcconfig */;
			buildSettings = {
				ALWAYS_EMBED_SWIFT_STANDARD_LIBRARIES = "$(inherited)";
				BUNDLE_LOADER = "$(TEST_HOST)";
				DEVELOPMENT_TEAM = 643MJ6ZSSD;
				INFOPLIST_FILE = SchplitTests/Info.plist;
				LD_RUNPATH_SEARCH_PATHS = "$(inherited) @executable_path/Frameworks @loader_path/Frameworks";
				PRODUCT_BUNDLE_IDENTIFIER = no.andersu.SchplitTests;
				PRODUCT_NAME = "$(TARGET_NAME)";
				SWIFT_VERSION = 3.0;
				TEST_HOST = "$(BUILT_PRODUCTS_DIR)/Schplit.app/Schplit";
			};
			name = Release;
		};
/* End XCBuildConfiguration section */

/* Begin XCConfigurationList section */
		9FC1ABC41DBA93F80024FDBE /* Build configuration list for PBXProject "Schplit" */ = {
			isa = XCConfigurationList;
			buildConfigurations = (
				9FC1ABE71DBA93F80024FDBE /* Debug */,
				9FC1ABE81DBA93F80024FDBE /* Release */,
			);
			defaultConfigurationIsVisible = 0;
			defaultConfigurationName = Release;
		};
		9FC1ABE91DBA93F80024FDBE /* Build configuration list for PBXNativeTarget "Schplit" */ = {
			isa = XCConfigurationList;
			buildConfigurations = (
				9FC1ABEA1DBA93F80024FDBE /* Debug */,
				9FC1ABEB1DBA93F80024FDBE /* Release */,
			);
			defaultConfigurationIsVisible = 0;
			defaultConfigurationName = Release;
		};
		9FC1ABEC1DBA93F80024FDBE /* Build configuration list for PBXNativeTarget "SchplitTests" */ = {
			isa = XCConfigurationList;
			buildConfigurations = (
				9FC1ABED1DBA93F80024FDBE /* Debug */,
				9FC1ABEE1DBA93F80024FDBE /* Release */,
			);
			defaultConfigurationIsVisible = 0;
			defaultConfigurationName = Release;
		};
/* End XCConfigurationList section */
	};
	rootObject = 9FC1ABC11DBA93F80024FDBE /* Project object */;
}
