// !$*UTF8*$!
{
	archiveVersion = 1;
	classes = {
	};
	objectVersion = 46;
	objects = {

/* Begin PBXBuildFile section */
		492BA14AC4D21FF919330997 /* Pods_Schplit.framework in Frameworks */ = {isa = PBXBuildFile; fileRef = 0B125B289520043FC976DD05 /* Pods_Schplit.framework */; };
		9F55C95C1DCE9F190074423B /* AddExpenseConfigurator.swift in Sources */ = {isa = PBXBuildFile; fileRef = 9F55C9561DCE9F190074423B /* AddExpenseConfigurator.swift */; };
		9F55C95D1DCE9F190074423B /* AddExpenseInteractor.swift in Sources */ = {isa = PBXBuildFile; fileRef = 9F55C9571DCE9F190074423B /* AddExpenseInteractor.swift */; };
		9F55C95E1DCE9F190074423B /* AddExpensePresenter.swift in Sources */ = {isa = PBXBuildFile; fileRef = 9F55C9581DCE9F190074423B /* AddExpensePresenter.swift */; };
		9F55C95F1DCE9F190074423B /* AddExpenseRouter.swift in Sources */ = {isa = PBXBuildFile; fileRef = 9F55C9591DCE9F190074423B /* AddExpenseRouter.swift */; };
		9F55C9601DCE9F190074423B /* AddExpenseViewController.swift in Sources */ = {isa = PBXBuildFile; fileRef = 9F55C95A1DCE9F190074423B /* AddExpenseViewController.swift */; };
		9F55C9611DCE9F190074423B /* AddExpenseViewModel.swift in Sources */ = {isa = PBXBuildFile; fileRef = 9F55C95B1DCE9F190074423B /* AddExpenseViewModel.swift */; };
		9F55C9671DCEA0270074423B /* AddExpenseView.swift in Sources */ = {isa = PBXBuildFile; fileRef = 9F55C9651DCEA0270074423B /* AddExpenseView.swift */; };
		9F55C9681DCEA0270074423B /* AddExpenseView.xib in Resources */ = {isa = PBXBuildFile; fileRef = 9F55C9661DCEA0270074423B /* AddExpenseView.xib */; };
		9F55C96B1DCEA1EA0074423B /* PaymentSchplitterCell.swift in Sources */ = {isa = PBXBuildFile; fileRef = 9F55C9691DCEA1EA0074423B /* PaymentSchplitterCell.swift */; };
		9F55C96C1DCEA1EA0074423B /* PaymentSchplitterCell.xib in Resources */ = {isa = PBXBuildFile; fileRef = 9F55C96A1DCEA1EA0074423B /* PaymentSchplitterCell.xib */; };
		9F8E1B661DCE868D0078BD71 /* GroupCell.swift in Sources */ = {isa = PBXBuildFile; fileRef = 9F8E1B641DCE868D0078BD71 /* GroupCell.swift */; };
		9F8E1B671DCE868D0078BD71 /* GroupCell.xib in Resources */ = {isa = PBXBuildFile; fileRef = 9F8E1B651DCE868D0078BD71 /* GroupCell.xib */; };
		9F8E1B6D1DCE87C70078BD71 /* CreateGroupConfigurator.swift in Sources */ = {isa = PBXBuildFile; fileRef = 9F8E1B681DCE87C70078BD71 /* CreateGroupConfigurator.swift */; };
		9F8E1B6E1DCE87C70078BD71 /* CreateGroupInteractor.swift in Sources */ = {isa = PBXBuildFile; fileRef = 9F8E1B691DCE87C70078BD71 /* CreateGroupInteractor.swift */; };
		9F8E1B6F1DCE87C70078BD71 /* CreateGroupPresenter.swift in Sources */ = {isa = PBXBuildFile; fileRef = 9F8E1B6A1DCE87C70078BD71 /* CreateGroupPresenter.swift */; };
		9F8E1B701DCE87C70078BD71 /* CreateGroupRouter.swift in Sources */ = {isa = PBXBuildFile; fileRef = 9F8E1B6B1DCE87C70078BD71 /* CreateGroupRouter.swift */; };
		9F8E1B711DCE87C70078BD71 /* CreateGroupViewController.swift in Sources */ = {isa = PBXBuildFile; fileRef = 9F8E1B6C1DCE87C70078BD71 /* CreateGroupViewController.swift */; };
		9F8E1B761DCE88230078BD71 /* CreateGroupView.swift in Sources */ = {isa = PBXBuildFile; fileRef = 9F8E1B721DCE88230078BD71 /* CreateGroupView.swift */; };
		9F8E1B771DCE88230078BD71 /* CreateGroupView.xib in Resources */ = {isa = PBXBuildFile; fileRef = 9F8E1B731DCE88230078BD71 /* CreateGroupView.xib */; };
		9F8E1B781DCE88230078BD71 /* SchplitterCell.swift in Sources */ = {isa = PBXBuildFile; fileRef = 9F8E1B741DCE88230078BD71 /* SchplitterCell.swift */; };
		9F8E1B791DCE88230078BD71 /* SchplitterCell.xib in Resources */ = {isa = PBXBuildFile; fileRef = 9F8E1B751DCE88230078BD71 /* SchplitterCell.xib */; };
		9F8E1B7B1DCE892B0078BD71 /* CreateGroupViewModel.swift in Sources */ = {isa = PBXBuildFile; fileRef = 9F8E1B7A1DCE892B0078BD71 /* CreateGroupViewModel.swift */; };
		9F8E1B7D1DCE89390078BD71 /* GroupListViewModel.swift in Sources */ = {isa = PBXBuildFile; fileRef = 9F8E1B7C1DCE89390078BD71 /* GroupListViewModel.swift */; };
		9F8E1B8E1DCE8A250078BD71 /* GroupConfigurator.swift in Sources */ = {isa = PBXBuildFile; fileRef = 9F8E1B891DCE8A250078BD71 /* GroupConfigurator.swift */; };
		9F8E1B8F1DCE8A250078BD71 /* GroupInteractor.swift in Sources */ = {isa = PBXBuildFile; fileRef = 9F8E1B8A1DCE8A250078BD71 /* GroupInteractor.swift */; };
		9F8E1B901DCE8A250078BD71 /* GroupPresenter.swift in Sources */ = {isa = PBXBuildFile; fileRef = 9F8E1B8B1DCE8A250078BD71 /* GroupPresenter.swift */; };
		9F8E1B911DCE8A250078BD71 /* GroupRouter.swift in Sources */ = {isa = PBXBuildFile; fileRef = 9F8E1B8C1DCE8A250078BD71 /* GroupRouter.swift */; };
		9F8E1B921DCE8A250078BD71 /* GroupViewController.swift in Sources */ = {isa = PBXBuildFile; fileRef = 9F8E1B8D1DCE8A250078BD71 /* GroupViewController.swift */; };
		9F8E1B961DCE8B0F0078BD71 /* GroupView.swift in Sources */ = {isa = PBXBuildFile; fileRef = 9F8E1B941DCE8B0F0078BD71 /* GroupView.swift */; };
		9F8E1B971DCE8B0F0078BD71 /* GroupView.xib in Resources */ = {isa = PBXBuildFile; fileRef = 9F8E1B951DCE8B0F0078BD71 /* GroupView.xib */; };
		9F8E1B991DCE8C850078BD71 /* GroupViewModel.swift in Sources */ = {isa = PBXBuildFile; fileRef = 9F8E1B981DCE8C850078BD71 /* GroupViewModel.swift */; };
		9FC1ABCD1DBA93F80024FDBE /* AppDelegate.swift in Sources */ = {isa = PBXBuildFile; fileRef = 9FC1ABCC1DBA93F80024FDBE /* AppDelegate.swift */; };
		9FC1ABD21DBA93F80024FDBE /* Main.storyboard in Resources */ = {isa = PBXBuildFile; fileRef = 9FC1ABD01DBA93F80024FDBE /* Main.storyboard */; };
		9FC1ABD71DBA93F80024FDBE /* Assets.xcassets in Resources */ = {isa = PBXBuildFile; fileRef = 9FC1ABD61DBA93F80024FDBE /* Assets.xcassets */; };
		9FC1ABDA1DBA93F80024FDBE /* LaunchScreen.storyboard in Resources */ = {isa = PBXBuildFile; fileRef = 9FC1ABD81DBA93F80024FDBE /* LaunchScreen.storyboard */; };
		9FC1ABF61DBA95DA0024FDBE /* NibLoadingView.swift in Sources */ = {isa = PBXBuildFile; fileRef = 9FC1ABF51DBA95DA0024FDBE /* NibLoadingView.swift */; };
		9FC1AC001DBA988C0024FDBE /* GroupListView.swift in Sources */ = {isa = PBXBuildFile; fileRef = 9FC1ABFF1DBA988C0024FDBE /* GroupListView.swift */; };
		9FC1AC0B1DBA9E8F0024FDBE /* FrontPageViewControllerTest.swift in Sources */ = {isa = PBXBuildFile; fileRef = 9FC1AC0A1DBA9E8F0024FDBE /* FrontPageViewControllerTest.swift */; };
		9FC1AC191DBAA8E80024FDBE /* CreateBillViewControllerTest.swift in Sources */ = {isa = PBXBuildFile; fileRef = 9FC1AC181DBAA8E80024FDBE /* CreateBillViewControllerTest.swift */; };
		9FC1AC1D1DBAAA920024FDBE /* CreateBillInteractorTest.swift in Sources */ = {isa = PBXBuildFile; fileRef = 9FC1AC1C1DBAAA920024FDBE /* CreateBillInteractorTest.swift */; };
		9FC1AC1F1DBAABEF0024FDBE /* CreateBillPresenterTest.swift in Sources */ = {isa = PBXBuildFile; fileRef = 9FC1AC1E1DBAABEF0024FDBE /* CreateBillPresenterTest.swift */; };
		9FC1AC261DBAC25F0024FDBE /* AsyncTestUtil.swift in Sources */ = {isa = PBXBuildFile; fileRef = 9FC1AC251DBAC25F0024FDBE /* AsyncTestUtil.swift */; };
		9FC1AC291DBAC3F80024FDBE /* SchplitGroup.swift in Sources */ = {isa = PBXBuildFile; fileRef = 9FC1AC281DBAC3F80024FDBE /* SchplitGroup.swift */; };
		9FC1AC2C1DBAC5AF0024FDBE /* GroupRepository.swift in Sources */ = {isa = PBXBuildFile; fileRef = 9FC1AC2B1DBAC5AF0024FDBE /* GroupRepository.swift */; };
		9FC1AC2F1DBAC5EF0024FDBE /* RealmGroup.swift in Sources */ = {isa = PBXBuildFile; fileRef = 9FC1AC2E1DBAC5EF0024FDBE /* RealmGroup.swift */; };
		9FC1AC321DBAC82D0024FDBE /* GroupService.swift in Sources */ = {isa = PBXBuildFile; fileRef = 9FC1AC311DBAC82D0024FDBE /* GroupService.swift */; };
		9FC78DA11DCE813E001E8520 /* GroupListConfigurator.swift in Sources */ = {isa = PBXBuildFile; fileRef = 9FC78D9C1DCE813E001E8520 /* GroupListConfigurator.swift */; };
		9FC78DA21DCE813E001E8520 /* GroupListInteractor.swift in Sources */ = {isa = PBXBuildFile; fileRef = 9FC78D9D1DCE813E001E8520 /* GroupListInteractor.swift */; };
		9FC78DA31DCE813E001E8520 /* GroupListPresenter.swift in Sources */ = {isa = PBXBuildFile; fileRef = 9FC78D9E1DCE813E001E8520 /* GroupListPresenter.swift */; };
		9FC78DA41DCE813E001E8520 /* GroupListRouter.swift in Sources */ = {isa = PBXBuildFile; fileRef = 9FC78D9F1DCE813E001E8520 /* GroupListRouter.swift */; };
		9FC78DA51DCE813E001E8520 /* GroupListViewController.swift in Sources */ = {isa = PBXBuildFile; fileRef = 9FC78DA01DCE813E001E8520 /* GroupListViewController.swift */; };
		9FC78DA71DCE8250001E8520 /* GroupListView.xib in Resources */ = {isa = PBXBuildFile; fileRef = 9FC78DA61DCE8250001E8520 /* GroupListView.xib */; };
		C67B65AD32C8F86313649C76 /* Pods_SchplitTests.framework in Frameworks */ = {isa = PBXBuildFile; fileRef = 7941BC193422552E5543FD0B /* Pods_SchplitTests.framework */; };
/* End PBXBuildFile section */

/* Begin PBXContainerItemProxy section */
		9FC1ABE11DBA93F80024FDBE /* PBXContainerItemProxy */ = {
			isa = PBXContainerItemProxy;
			containerPortal = 9FC1ABC11DBA93F80024FDBE /* Project object */;
			proxyType = 1;
			remoteGlobalIDString = 9FC1ABC81DBA93F80024FDBE;
			remoteInfo = Schplit;
		};
/* End PBXContainerItemProxy section */

/* Begin PBXFileReference section */
		0B125B289520043FC976DD05 /* Pods_Schplit.framework */ = {isa = PBXFileReference; explicitFileType = wrapper.framework; includeInIndex = 0; path = Pods_Schplit.framework; sourceTree = BUILT_PRODUCTS_DIR; };
		0DDE3C92C7D64DD4BBC51352 /* Pods-Schplit.debug.xcconfig */ = {isa = PBXFileReference; includeInIndex = 1; lastKnownFileType = text.xcconfig; name = "Pods-Schplit.debug.xcconfig"; path = "Pods/Target Support Files/Pods-Schplit/Pods-Schplit.debug.xcconfig"; sourceTree = "<group>"; };
		103DC698F1D3D5EEACAAA60A /* Pods-SchplitTests.debug.xcconfig */ = {isa = PBXFileReference; includeInIndex = 1; lastKnownFileType = text.xcconfig; name = "Pods-SchplitTests.debug.xcconfig"; path = "Pods/Target Support Files/Pods-SchplitTests/Pods-SchplitTests.debug.xcconfig"; sourceTree = "<group>"; };
		7941BC193422552E5543FD0B /* Pods_SchplitTests.framework */ = {isa = PBXFileReference; explicitFileType = wrapper.framework; includeInIndex = 0; path = Pods_SchplitTests.framework; sourceTree = BUILT_PRODUCTS_DIR; };
		7ABE3F0B1C095C63D78B4FF4 /* Pods-SchplitTests.release.xcconfig */ = {isa = PBXFileReference; includeInIndex = 1; lastKnownFileType = text.xcconfig; name = "Pods-SchplitTests.release.xcconfig"; path = "Pods/Target Support Files/Pods-SchplitTests/Pods-SchplitTests.release.xcconfig"; sourceTree = "<group>"; };
		7C3EDCB2AE5339F3B4C3F988 /* Pods-Schplit.release.xcconfig */ = {isa = PBXFileReference; includeInIndex = 1; lastKnownFileType = text.xcconfig; name = "Pods-Schplit.release.xcconfig"; path = "Pods/Target Support Files/Pods-Schplit/Pods-Schplit.release.xcconfig"; sourceTree = "<group>"; };
		9F55C9561DCE9F190074423B /* AddExpenseConfigurator.swift */ = {isa = PBXFileReference; fileEncoding = 4; lastKnownFileType = sourcecode.swift; path = AddExpenseConfigurator.swift; sourceTree = "<group>"; };
		9F55C9571DCE9F190074423B /* AddExpenseInteractor.swift */ = {isa = PBXFileReference; fileEncoding = 4; lastKnownFileType = sourcecode.swift; path = AddExpenseInteractor.swift; sourceTree = "<group>"; };
		9F55C9581DCE9F190074423B /* AddExpensePresenter.swift */ = {isa = PBXFileReference; fileEncoding = 4; lastKnownFileType = sourcecode.swift; path = AddExpensePresenter.swift; sourceTree = "<group>"; };
		9F55C9591DCE9F190074423B /* AddExpenseRouter.swift */ = {isa = PBXFileReference; fileEncoding = 4; lastKnownFileType = sourcecode.swift; path = AddExpenseRouter.swift; sourceTree = "<group>"; };
		9F55C95A1DCE9F190074423B /* AddExpenseViewController.swift */ = {isa = PBXFileReference; fileEncoding = 4; lastKnownFileType = sourcecode.swift; path = AddExpenseViewController.swift; sourceTree = "<group>"; };
		9F55C95B1DCE9F190074423B /* AddExpenseViewModel.swift */ = {isa = PBXFileReference; fileEncoding = 4; lastKnownFileType = sourcecode.swift; path = AddExpenseViewModel.swift; sourceTree = "<group>"; };
		9F55C9651DCEA0270074423B /* AddExpenseView.swift */ = {isa = PBXFileReference; fileEncoding = 4; lastKnownFileType = sourcecode.swift; path = AddExpenseView.swift; sourceTree = "<group>"; };
		9F55C9661DCEA0270074423B /* AddExpenseView.xib */ = {isa = PBXFileReference; fileEncoding = 4; lastKnownFileType = file.xib; path = AddExpenseView.xib; sourceTree = "<group>"; };
		9F55C9691DCEA1EA0074423B /* PaymentSchplitterCell.swift */ = {isa = PBXFileReference; fileEncoding = 4; lastKnownFileType = sourcecode.swift; path = PaymentSchplitterCell.swift; sourceTree = "<group>"; };
		9F55C96A1DCEA1EA0074423B /* PaymentSchplitterCell.xib */ = {isa = PBXFileReference; fileEncoding = 4; lastKnownFileType = file.xib; path = PaymentSchplitterCell.xib; sourceTree = "<group>"; };
		9F8E1B641DCE868D0078BD71 /* GroupCell.swift */ = {isa = PBXFileReference; fileEncoding = 4; lastKnownFileType = sourcecode.swift; path = GroupCell.swift; sourceTree = "<group>"; };
		9F8E1B651DCE868D0078BD71 /* GroupCell.xib */ = {isa = PBXFileReference; fileEncoding = 4; lastKnownFileType = file.xib; path = GroupCell.xib; sourceTree = "<group>"; };
		9F8E1B681DCE87C70078BD71 /* CreateGroupConfigurator.swift */ = {isa = PBXFileReference; fileEncoding = 4; lastKnownFileType = sourcecode.swift; path = CreateGroupConfigurator.swift; sourceTree = "<group>"; };
		9F8E1B691DCE87C70078BD71 /* CreateGroupInteractor.swift */ = {isa = PBXFileReference; fileEncoding = 4; lastKnownFileType = sourcecode.swift; path = CreateGroupInteractor.swift; sourceTree = "<group>"; };
		9F8E1B6A1DCE87C70078BD71 /* CreateGroupPresenter.swift */ = {isa = PBXFileReference; fileEncoding = 4; lastKnownFileType = sourcecode.swift; path = CreateGroupPresenter.swift; sourceTree = "<group>"; };
		9F8E1B6B1DCE87C70078BD71 /* CreateGroupRouter.swift */ = {isa = PBXFileReference; fileEncoding = 4; lastKnownFileType = sourcecode.swift; path = CreateGroupRouter.swift; sourceTree = "<group>"; };
		9F8E1B6C1DCE87C70078BD71 /* CreateGroupViewController.swift */ = {isa = PBXFileReference; fileEncoding = 4; lastKnownFileType = sourcecode.swift; path = CreateGroupViewController.swift; sourceTree = "<group>"; };
		9F8E1B721DCE88230078BD71 /* CreateGroupView.swift */ = {isa = PBXFileReference; fileEncoding = 4; lastKnownFileType = sourcecode.swift; path = CreateGroupView.swift; sourceTree = "<group>"; };
		9F8E1B731DCE88230078BD71 /* CreateGroupView.xib */ = {isa = PBXFileReference; fileEncoding = 4; lastKnownFileType = file.xib; path = CreateGroupView.xib; sourceTree = "<group>"; };
		9F8E1B741DCE88230078BD71 /* SchplitterCell.swift */ = {isa = PBXFileReference; fileEncoding = 4; lastKnownFileType = sourcecode.swift; path = SchplitterCell.swift; sourceTree = "<group>"; };
		9F8E1B751DCE88230078BD71 /* SchplitterCell.xib */ = {isa = PBXFileReference; fileEncoding = 4; lastKnownFileType = file.xib; path = SchplitterCell.xib; sourceTree = "<group>"; };
		9F8E1B7A1DCE892B0078BD71 /* CreateGroupViewModel.swift */ = {isa = PBXFileReference; fileEncoding = 4; lastKnownFileType = sourcecode.swift; path = CreateGroupViewModel.swift; sourceTree = "<group>"; };
		9F8E1B7C1DCE89390078BD71 /* GroupListViewModel.swift */ = {isa = PBXFileReference; fileEncoding = 4; lastKnownFileType = sourcecode.swift; path = GroupListViewModel.swift; sourceTree = "<group>"; };
		9F8E1B891DCE8A250078BD71 /* GroupConfigurator.swift */ = {isa = PBXFileReference; fileEncoding = 4; lastKnownFileType = sourcecode.swift; path = GroupConfigurator.swift; sourceTree = "<group>"; };
		9F8E1B8A1DCE8A250078BD71 /* GroupInteractor.swift */ = {isa = PBXFileReference; fileEncoding = 4; lastKnownFileType = sourcecode.swift; path = GroupInteractor.swift; sourceTree = "<group>"; };
		9F8E1B8B1DCE8A250078BD71 /* GroupPresenter.swift */ = {isa = PBXFileReference; fileEncoding = 4; lastKnownFileType = sourcecode.swift; path = GroupPresenter.swift; sourceTree = "<group>"; };
		9F8E1B8C1DCE8A250078BD71 /* GroupRouter.swift */ = {isa = PBXFileReference; fileEncoding = 4; lastKnownFileType = sourcecode.swift; path = GroupRouter.swift; sourceTree = "<group>"; };
		9F8E1B8D1DCE8A250078BD71 /* GroupViewController.swift */ = {isa = PBXFileReference; fileEncoding = 4; lastKnownFileType = sourcecode.swift; path = GroupViewController.swift; sourceTree = "<group>"; };
		9F8E1B941DCE8B0F0078BD71 /* GroupView.swift */ = {isa = PBXFileReference; fileEncoding = 4; lastKnownFileType = sourcecode.swift; path = GroupView.swift; sourceTree = "<group>"; };
		9F8E1B951DCE8B0F0078BD71 /* GroupView.xib */ = {isa = PBXFileReference; fileEncoding = 4; lastKnownFileType = file.xib; path = GroupView.xib; sourceTree = "<group>"; };
		9F8E1B981DCE8C850078BD71 /* GroupViewModel.swift */ = {isa = PBXFileReference; fileEncoding = 4; lastKnownFileType = sourcecode.swift; path = GroupViewModel.swift; sourceTree = "<group>"; };
		9FC1ABC91DBA93F80024FDBE /* Schplit.app */ = {isa = PBXFileReference; explicitFileType = wrapper.application; includeInIndex = 0; path = Schplit.app; sourceTree = BUILT_PRODUCTS_DIR; };
		9FC1ABCC1DBA93F80024FDBE /* AppDelegate.swift */ = {isa = PBXFileReference; lastKnownFileType = sourcecode.swift; path = AppDelegate.swift; sourceTree = "<group>"; };
		9FC1ABD11DBA93F80024FDBE /* Base */ = {isa = PBXFileReference; lastKnownFileType = file.storyboard; name = Base; path = Base.lproj/Main.storyboard; sourceTree = "<group>"; };
		9FC1ABD61DBA93F80024FDBE /* Assets.xcassets */ = {isa = PBXFileReference; lastKnownFileType = folder.assetcatalog; path = Assets.xcassets; sourceTree = "<group>"; };
		9FC1ABD91DBA93F80024FDBE /* Base */ = {isa = PBXFileReference; lastKnownFileType = file.storyboard; name = Base; path = Base.lproj/LaunchScreen.storyboard; sourceTree = "<group>"; };
		9FC1ABDB1DBA93F80024FDBE /* Info.plist */ = {isa = PBXFileReference; lastKnownFileType = text.plist.xml; path = Info.plist; sourceTree = "<group>"; };
		9FC1ABE01DBA93F80024FDBE /* SchplitTests.xctest */ = {isa = PBXFileReference; explicitFileType = wrapper.cfbundle; includeInIndex = 0; path = SchplitTests.xctest; sourceTree = BUILT_PRODUCTS_DIR; };
		9FC1ABE61DBA93F80024FDBE /* Info.plist */ = {isa = PBXFileReference; lastKnownFileType = text.plist.xml; path = Info.plist; sourceTree = "<group>"; };
		9FC1ABF51DBA95DA0024FDBE /* NibLoadingView.swift */ = {isa = PBXFileReference; fileEncoding = 4; lastKnownFileType = sourcecode.swift; path = NibLoadingView.swift; sourceTree = "<group>"; };
		9FC1ABFF1DBA988C0024FDBE /* GroupListView.swift */ = {isa = PBXFileReference; fileEncoding = 4; lastKnownFileType = sourcecode.swift; path = GroupListView.swift; sourceTree = "<group>"; };
		9FC1AC0A1DBA9E8F0024FDBE /* FrontPageViewControllerTest.swift */ = {isa = PBXFileReference; fileEncoding = 4; lastKnownFileType = sourcecode.swift; path = FrontPageViewControllerTest.swift; sourceTree = "<group>"; };
		9FC1AC181DBAA8E80024FDBE /* CreateBillViewControllerTest.swift */ = {isa = PBXFileReference; fileEncoding = 4; lastKnownFileType = sourcecode.swift; path = CreateBillViewControllerTest.swift; sourceTree = "<group>"; };
		9FC1AC1C1DBAAA920024FDBE /* CreateBillInteractorTest.swift */ = {isa = PBXFileReference; fileEncoding = 4; lastKnownFileType = sourcecode.swift; path = CreateBillInteractorTest.swift; sourceTree = "<group>"; };
		9FC1AC1E1DBAABEF0024FDBE /* CreateBillPresenterTest.swift */ = {isa = PBXFileReference; fileEncoding = 4; lastKnownFileType = sourcecode.swift; path = CreateBillPresenterTest.swift; sourceTree = "<group>"; };
		9FC1AC251DBAC25F0024FDBE /* AsyncTestUtil.swift */ = {isa = PBXFileReference; fileEncoding = 4; lastKnownFileType = sourcecode.swift; path = AsyncTestUtil.swift; sourceTree = "<group>"; };
		9FC1AC281DBAC3F80024FDBE /* SchplitGroup.swift */ = {isa = PBXFileReference; fileEncoding = 4; lastKnownFileType = sourcecode.swift; path = SchplitGroup.swift; sourceTree = "<group>"; };
		9FC1AC2B1DBAC5AF0024FDBE /* GroupRepository.swift */ = {isa = PBXFileReference; fileEncoding = 4; lastKnownFileType = sourcecode.swift; path = GroupRepository.swift; sourceTree = "<group>"; };
		9FC1AC2E1DBAC5EF0024FDBE /* RealmGroup.swift */ = {isa = PBXFileReference; fileEncoding = 4; lastKnownFileType = sourcecode.swift; path = RealmGroup.swift; sourceTree = "<group>"; };
		9FC1AC311DBAC82D0024FDBE /* GroupService.swift */ = {isa = PBXFileReference; fileEncoding = 4; lastKnownFileType = sourcecode.swift; path = GroupService.swift; sourceTree = "<group>"; };
		9FC78D9C1DCE813E001E8520 /* GroupListConfigurator.swift */ = {isa = PBXFileReference; fileEncoding = 4; lastKnownFileType = sourcecode.swift; path = GroupListConfigurator.swift; sourceTree = "<group>"; };
		9FC78D9D1DCE813E001E8520 /* GroupListInteractor.swift */ = {isa = PBXFileReference; fileEncoding = 4; lastKnownFileType = sourcecode.swift; path = GroupListInteractor.swift; sourceTree = "<group>"; };
		9FC78D9E1DCE813E001E8520 /* GroupListPresenter.swift */ = {isa = PBXFileReference; fileEncoding = 4; lastKnownFileType = sourcecode.swift; path = GroupListPresenter.swift; sourceTree = "<group>"; };
		9FC78D9F1DCE813E001E8520 /* GroupListRouter.swift */ = {isa = PBXFileReference; fileEncoding = 4; lastKnownFileType = sourcecode.swift; path = GroupListRouter.swift; sourceTree = "<group>"; };
		9FC78DA01DCE813E001E8520 /* GroupListViewController.swift */ = {isa = PBXFileReference; fileEncoding = 4; lastKnownFileType = sourcecode.swift; path = GroupListViewController.swift; sourceTree = "<group>"; };
		9FC78DA61DCE8250001E8520 /* GroupListView.xib */ = {isa = PBXFileReference; fileEncoding = 4; lastKnownFileType = file.xib; path = GroupListView.xib; sourceTree = "<group>"; };
/* End PBXFileReference section */

/* Begin PBXFrameworksBuildPhase section */
		9FC1ABC61DBA93F80024FDBE /* Frameworks */ = {
			isa = PBXFrameworksBuildPhase;
			buildActionMask = 2147483647;
			files = (
				492BA14AC4D21FF919330997 /* Pods_Schplit.framework in Frameworks */,
			);
			runOnlyForDeploymentPostprocessing = 0;
		};
		9FC1ABDD1DBA93F80024FDBE /* Frameworks */ = {
			isa = PBXFrameworksBuildPhase;
			buildActionMask = 2147483647;
			files = (
				C67B65AD32C8F86313649C76 /* Pods_SchplitTests.framework in Frameworks */,
			);
			runOnlyForDeploymentPostprocessing = 0;
		};
/* End PBXFrameworksBuildPhase section */

/* Begin PBXGroup section */
		70AD9221BB08BB22297B7B5A /* Pods */ = {
			isa = PBXGroup;
			children = (
				0DDE3C92C7D64DD4BBC51352 /* Pods-Schplit.debug.xcconfig */,
				7C3EDCB2AE5339F3B4C3F988 /* Pods-Schplit.release.xcconfig */,
				103DC698F1D3D5EEACAAA60A /* Pods-SchplitTests.debug.xcconfig */,
				7ABE3F0B1C095C63D78B4FF4 /* Pods-SchplitTests.release.xcconfig */,
			);
			name = Pods;
			sourceTree = "<group>";
		};
		9F55C9641DCEA0180074423B /* UI */ = {
			isa = PBXGroup;
			children = (
				9F55C9651DCEA0270074423B /* AddExpenseView.swift */,
				9F55C9661DCEA0270074423B /* AddExpenseView.xib */,
				9F55C9691DCEA1EA0074423B /* PaymentSchplitterCell.swift */,
				9F55C96A1DCEA1EA0074423B /* PaymentSchplitterCell.xib */,
			);
			path = UI;
			sourceTree = "<group>";
		};
		9F8E1B621DCE86080078BD71 /* CreateGroup */ = {
			isa = PBXGroup;
			children = (
				9F8E1B631DCE861A0078BD71 /* UI */,
				9F8E1B681DCE87C70078BD71 /* CreateGroupConfigurator.swift */,
				9F8E1B691DCE87C70078BD71 /* CreateGroupInteractor.swift */,
				9F8E1B6A1DCE87C70078BD71 /* CreateGroupPresenter.swift */,
				9F8E1B6B1DCE87C70078BD71 /* CreateGroupRouter.swift */,
				9F8E1B6C1DCE87C70078BD71 /* CreateGroupViewController.swift */,
				9F8E1B7A1DCE892B0078BD71 /* CreateGroupViewModel.swift */,
			);
			path = CreateGroup;
			sourceTree = "<group>";
		};
		9F8E1B631DCE861A0078BD71 /* UI */ = {
			isa = PBXGroup;
			children = (
				9F8E1B721DCE88230078BD71 /* CreateGroupView.swift */,
				9F8E1B731DCE88230078BD71 /* CreateGroupView.xib */,
				9F8E1B741DCE88230078BD71 /* SchplitterCell.swift */,
				9F8E1B751DCE88230078BD71 /* SchplitterCell.xib */,
			);
			path = UI;
			sourceTree = "<group>";
		};
		9F8E1B881DCE8A090078BD71 /* Group */ = {
			isa = PBXGroup;
			children = (
				9F8E1B931DCE8AE60078BD71 /* UI */,
				9F8E1B891DCE8A250078BD71 /* GroupConfigurator.swift */,
				9F8E1B8A1DCE8A250078BD71 /* GroupInteractor.swift */,
				9F8E1B8B1DCE8A250078BD71 /* GroupPresenter.swift */,
				9F8E1B8C1DCE8A250078BD71 /* GroupRouter.swift */,
				9F8E1B8D1DCE8A250078BD71 /* GroupViewController.swift */,
				9F8E1B981DCE8C850078BD71 /* GroupViewModel.swift */,
			);
			path = Group;
			sourceTree = "<group>";
		};
		9F8E1B931DCE8AE60078BD71 /* UI */ = {
			isa = PBXGroup;
			children = (
				9F8E1B941DCE8B0F0078BD71 /* GroupView.swift */,
				9F8E1B951DCE8B0F0078BD71 /* GroupView.xib */,
			);
			path = UI;
			sourceTree = "<group>";
		};
		9F8E1B9A1DCE99FD0078BD71 /* AddExpense */ = {
			isa = PBXGroup;
			children = (
				9F55C9641DCEA0180074423B /* UI */,
				9F55C9561DCE9F190074423B /* AddExpenseConfigurator.swift */,
				9F55C9571DCE9F190074423B /* AddExpenseInteractor.swift */,
				9F55C9581DCE9F190074423B /* AddExpensePresenter.swift */,
				9F55C9591DCE9F190074423B /* AddExpenseRouter.swift */,
				9F55C95A1DCE9F190074423B /* AddExpenseViewController.swift */,
				9F55C95B1DCE9F190074423B /* AddExpenseViewModel.swift */,
			);
			path = AddExpense;
			sourceTree = "<group>";
		};
		9FC1ABC01DBA93F80024FDBE = {
			isa = PBXGroup;
			children = (
				9FC1ABCB1DBA93F80024FDBE /* Schplit */,
				9FC1ABE31DBA93F80024FDBE /* SchplitTests */,
				9FC1ABCA1DBA93F80024FDBE /* Products */,
				70AD9221BB08BB22297B7B5A /* Pods */,
				D12EF201340C2237B9357660 /* Frameworks */,
			);
			sourceTree = "<group>";
		};
		9FC1ABCA1DBA93F80024FDBE /* Products */ = {
			isa = PBXGroup;
			children = (
				9FC1ABC91DBA93F80024FDBE /* Schplit.app */,
				9FC1ABE01DBA93F80024FDBE /* SchplitTests.xctest */,
			);
			name = Products;
			sourceTree = "<group>";
		};
		9FC1ABCB1DBA93F80024FDBE /* Schplit */ = {
			isa = PBXGroup;
			children = (
				9FC1ABCC1DBA93F80024FDBE /* AppDelegate.swift */,
				9FC1ABD61DBA93F80024FDBE /* Assets.xcassets */,
				9FC1ABDB1DBA93F80024FDBE /* Info.plist */,
				9FC1ABEF1DBA95080024FDBE /* Storyboards */,
				9FC78D991DCE8105001E8520 /* Scenes */,
				9FC1ABF01DBA95360024FDBE /* Views */,
				9FC1AC271DBAC3E50024FDBE /* Models */,
				9FC1AC301DBAC81A0024FDBE /* Services */,
				9FC1AC2A1DBAC5970024FDBE /* Repositories */,
				9FC1AC2D1DBAC5DB0024FDBE /* RealmModels */,
			);
			path = Schplit;
			sourceTree = "<group>";
		};
		9FC1ABE31DBA93F80024FDBE /* SchplitTests */ = {
			isa = PBXGroup;
			children = (
				9FC1ABE61DBA93F80024FDBE /* Info.plist */,
				9FC1AC091DBA9E790024FDBE /* ViewControllers */,
				9FC1AC1A1DBAAA670024FDBE /* Interactors */,
				9FC1AC1B1DBAAA7A0024FDBE /* Presenters */,
				9FC1AC251DBAC25F0024FDBE /* AsyncTestUtil.swift */,
			);
			path = SchplitTests;
			sourceTree = "<group>";
		};
		9FC1ABEF1DBA95080024FDBE /* Storyboards */ = {
			isa = PBXGroup;
			children = (
				9FC1ABD01DBA93F80024FDBE /* Main.storyboard */,
				9FC1ABD81DBA93F80024FDBE /* LaunchScreen.storyboard */,
			);
			name = Storyboards;
			sourceTree = "<group>";
		};
		9FC1ABF01DBA95360024FDBE /* Views */ = {
			isa = PBXGroup;
			children = (
				9FC1ABF41DBA958D0024FDBE /* NibLoadingView */,
			);
			path = Views;
			sourceTree = "<group>";
		};
		9FC1ABF41DBA958D0024FDBE /* NibLoadingView */ = {
			isa = PBXGroup;
			children = (
				9FC1ABF51DBA95DA0024FDBE /* NibLoadingView.swift */,
			);
			path = NibLoadingView;
			sourceTree = "<group>";
		};
		9FC1AC091DBA9E790024FDBE /* ViewControllers */ = {
			isa = PBXGroup;
			children = (
				9FC1AC0A1DBA9E8F0024FDBE /* FrontPageViewControllerTest.swift */,
				9FC1AC181DBAA8E80024FDBE /* CreateBillViewControllerTest.swift */,
			);
			path = ViewControllers;
			sourceTree = "<group>";
		};
		9FC1AC1A1DBAAA670024FDBE /* Interactors */ = {
			isa = PBXGroup;
			children = (
				9FC1AC1C1DBAAA920024FDBE /* CreateBillInteractorTest.swift */,
			);
			path = Interactors;
			sourceTree = "<group>";
		};
		9FC1AC1B1DBAAA7A0024FDBE /* Presenters */ = {
			isa = PBXGroup;
			children = (
				9FC1AC1E1DBAABEF0024FDBE /* CreateBillPresenterTest.swift */,
			);
			path = Presenters;
			sourceTree = "<group>";
		};
		9FC1AC271DBAC3E50024FDBE /* Models */ = {
			isa = PBXGroup;
			children = (
				9FC1AC281DBAC3F80024FDBE /* SchplitGroup.swift */,
			);
			path = Models;
			sourceTree = "<group>";
		};
		9FC1AC2A1DBAC5970024FDBE /* Repositories */ = {
			isa = PBXGroup;
			children = (
				9FC1AC2B1DBAC5AF0024FDBE /* GroupRepository.swift */,
			);
			path = Repositories;
			sourceTree = "<group>";
		};
		9FC1AC2D1DBAC5DB0024FDBE /* RealmModels */ = {
			isa = PBXGroup;
			children = (
				9FC1AC2E1DBAC5EF0024FDBE /* RealmGroup.swift */,
			);
			path = RealmModels;
			sourceTree = "<group>";
		};
		9FC1AC301DBAC81A0024FDBE /* Services */ = {
			isa = PBXGroup;
			children = (
				9FC1AC311DBAC82D0024FDBE /* GroupService.swift */,
			);
			path = Services;
			sourceTree = "<group>";
		};
		9FC78D991DCE8105001E8520 /* Scenes */ = {
			isa = PBXGroup;
			children = (
				9F8E1B621DCE86080078BD71 /* CreateGroup */,
				9FC78D9A1DCE8114001E8520 /* GroupList */,
				9F8E1B881DCE8A090078BD71 /* Group */,
				9F8E1B9A1DCE99FD0078BD71 /* AddExpense */,
			);
			path = Scenes;
			sourceTree = "<group>";
		};
		9FC78D9A1DCE8114001E8520 /* GroupList */ = {
			isa = PBXGroup;
			children = (
				9FC78D9B1DCE8120001E8520 /* UI */,
				9FC78D9C1DCE813E001E8520 /* GroupListConfigurator.swift */,
				9FC78D9D1DCE813E001E8520 /* GroupListInteractor.swift */,
				9FC78D9E1DCE813E001E8520 /* GroupListPresenter.swift */,
				9FC78D9F1DCE813E001E8520 /* GroupListRouter.swift */,
				9FC78DA01DCE813E001E8520 /* GroupListViewController.swift */,
				9F8E1B7C1DCE89390078BD71 /* GroupListViewModel.swift */,
			);
			path = GroupList;
			sourceTree = "<group>";
		};
		9FC78D9B1DCE8120001E8520 /* UI */ = {
			isa = PBXGroup;
			children = (
				9F8E1B641DCE868D0078BD71 /* GroupCell.swift */,
				9F8E1B651DCE868D0078BD71 /* GroupCell.xib */,
				9FC1ABFF1DBA988C0024FDBE /* GroupListView.swift */,
				9FC78DA61DCE8250001E8520 /* GroupListView.xib */,
			);
			path = UI;
			sourceTree = "<group>";
		};
		D12EF201340C2237B9357660 /* Frameworks */ = {
			isa = PBXGroup;
			children = (
				0B125B289520043FC976DD05 /* Pods_Schplit.framework */,
				7941BC193422552E5543FD0B /* Pods_SchplitTests.framework */,
			);
			name = Frameworks;
			sourceTree = "<group>";
		};
/* End PBXGroup section */

/* Begin PBXNativeTarget section */
		9FC1ABC81DBA93F80024FDBE /* Schplit */ = {
			isa = PBXNativeTarget;
			buildConfigurationList = 9FC1ABE91DBA93F80024FDBE /* Build configuration list for PBXNativeTarget "Schplit" */;
			buildPhases = (
				96867384DB1DB4F530007EA6 /* [CP] Check Pods Manifest.lock */,
				9FC1ABC51DBA93F80024FDBE /* Sources */,
				9FC1ABC61DBA93F80024FDBE /* Frameworks */,
				9FC1ABC71DBA93F80024FDBE /* Resources */,
				7EFE216612E67FEB79575D5D /* [CP] Embed Pods Frameworks */,
				729011778C24E4982945FBCD /* [CP] Copy Pods Resources */,
			);
			buildRules = (
			);
			dependencies = (
			);
			name = Schplit;
			productName = Schplit;
			productReference = 9FC1ABC91DBA93F80024FDBE /* Schplit.app */;
			productType = "com.apple.product-type.application";
		};
		9FC1ABDF1DBA93F80024FDBE /* SchplitTests */ = {
			isa = PBXNativeTarget;
			buildConfigurationList = 9FC1ABEC1DBA93F80024FDBE /* Build configuration list for PBXNativeTarget "SchplitTests" */;
			buildPhases = (
				EE71FB70CECE5C2B46874033 /* [CP] Check Pods Manifest.lock */,
				9FC1ABDC1DBA93F80024FDBE /* Sources */,
				9FC1ABDD1DBA93F80024FDBE /* Frameworks */,
				9FC1ABDE1DBA93F80024FDBE /* Resources */,
				4D9A2BA5037D6B1A1A1823A2 /* [CP] Embed Pods Frameworks */,
				5304C93490F1BE78EC1AD42D /* [CP] Copy Pods Resources */,
			);
			buildRules = (
			);
			dependencies = (
				9FC1ABE21DBA93F80024FDBE /* PBXTargetDependency */,
			);
			name = SchplitTests;
			productName = SchplitTests;
			productReference = 9FC1ABE01DBA93F80024FDBE /* SchplitTests.xctest */;
			productType = "com.apple.product-type.bundle.unit-test";
		};
/* End PBXNativeTarget section */

/* Begin PBXProject section */
		9FC1ABC11DBA93F80024FDBE /* Project object */ = {
			isa = PBXProject;
			attributes = {
				LastSwiftUpdateCheck = 0800;
				LastUpgradeCheck = 0800;
				ORGANIZATIONNAME = "Anders Ullnæss";
				TargetAttributes = {
					9FC1ABC81DBA93F80024FDBE = {
						CreatedOnToolsVersion = 8.0;
						DevelopmentTeam = 643MJ6ZSSD;
						ProvisioningStyle = Automatic;
					};
					9FC1ABDF1DBA93F80024FDBE = {
						CreatedOnToolsVersion = 8.0;
						DevelopmentTeam = 643MJ6ZSSD;
						ProvisioningStyle = Automatic;
						TestTargetID = 9FC1ABC81DBA93F80024FDBE;
					};
				};
			};
			buildConfigurationList = 9FC1ABC41DBA93F80024FDBE /* Build configuration list for PBXProject "Schplit" */;
			compatibilityVersion = "Xcode 3.2";
			developmentRegion = English;
			hasScannedForEncodings = 0;
			knownRegions = (
				en,
				Base,
			);
			mainGroup = 9FC1ABC01DBA93F80024FDBE;
			productRefGroup = 9FC1ABCA1DBA93F80024FDBE /* Products */;
			projectDirPath = "";
			projectRoot = "";
			targets = (
				9FC1ABC81DBA93F80024FDBE /* Schplit */,
				9FC1ABDF1DBA93F80024FDBE /* SchplitTests */,
			);
		};
/* End PBXProject section */

/* Begin PBXResourcesBuildPhase section */
		9FC1ABC71DBA93F80024FDBE /* Resources */ = {
			isa = PBXResourcesBuildPhase;
			buildActionMask = 2147483647;
			files = (
				9F55C9681DCEA0270074423B /* AddExpenseView.xib in Resources */,
				9FC78DA71DCE8250001E8520 /* GroupListView.xib in Resources */,
				9FC1ABDA1DBA93F80024FDBE /* LaunchScreen.storyboard in Resources */,
				9F8E1B771DCE88230078BD71 /* CreateGroupView.xib in Resources */,
				9F8E1B791DCE88230078BD71 /* SchplitterCell.xib in Resources */,
				9F8E1B671DCE868D0078BD71 /* GroupCell.xib in Resources */,
				9F55C96C1DCEA1EA0074423B /* PaymentSchplitterCell.xib in Resources */,
				9F8E1B971DCE8B0F0078BD71 /* GroupView.xib in Resources */,
				9FC1ABD71DBA93F80024FDBE /* Assets.xcassets in Resources */,
				9FC1ABD21DBA93F80024FDBE /* Main.storyboard in Resources */,
			);
			runOnlyForDeploymentPostprocessing = 0;
		};
		9FC1ABDE1DBA93F80024FDBE /* Resources */ = {
			isa = PBXResourcesBuildPhase;
			buildActionMask = 2147483647;
			files = (
			);
			runOnlyForDeploymentPostprocessing = 0;
		};
/* End PBXResourcesBuildPhase section */

/* Begin PBXShellScriptBuildPhase section */
		4D9A2BA5037D6B1A1A1823A2 /* [CP] Embed Pods Frameworks */ = {
			isa = PBXShellScriptBuildPhase;
			buildActionMask = 2147483647;
			files = (
			);
			inputPaths = (
			);
			name = "[CP] Embed Pods Frameworks";
			outputPaths = (
			);
			runOnlyForDeploymentPostprocessing = 0;
			shellPath = /bin/sh;
			shellScript = "\"${SRCROOT}/Pods/Target Support Files/Pods-SchplitTests/Pods-SchplitTests-frameworks.sh\"\n";
			showEnvVarsInLog = 0;
		};
		5304C93490F1BE78EC1AD42D /* [CP] Copy Pods Resources */ = {
			isa = PBXShellScriptBuildPhase;
			buildActionMask = 2147483647;
			files = (
			);
			inputPaths = (
			);
			name = "[CP] Copy Pods Resources";
			outputPaths = (
			);
			runOnlyForDeploymentPostprocessing = 0;
			shellPath = /bin/sh;
			shellScript = "\"${SRCROOT}/Pods/Target Support Files/Pods-SchplitTests/Pods-SchplitTests-resources.sh\"\n";
			showEnvVarsInLog = 0;
		};
		729011778C24E4982945FBCD /* [CP] Copy Pods Resources */ = {
			isa = PBXShellScriptBuildPhase;
			buildActionMask = 2147483647;
			files = (
			);
			inputPaths = (
			);
			name = "[CP] Copy Pods Resources";
			outputPaths = (
			);
			runOnlyForDeploymentPostprocessing = 0;
			shellPath = /bin/sh;
			shellScript = "\"${SRCROOT}/Pods/Target Support Files/Pods-Schplit/Pods-Schplit-resources.sh\"\n";
			showEnvVarsInLog = 0;
		};
		7EFE216612E67FEB79575D5D /* [CP] Embed Pods Frameworks */ = {
			isa = PBXShellScriptBuildPhase;
			buildActionMask = 2147483647;
			files = (
			);
			inputPaths = (
			);
			name = "[CP] Embed Pods Frameworks";
			outputPaths = (
			);
			runOnlyForDeploymentPostprocessing = 0;
			shellPath = /bin/sh;
			shellScript = "\"${SRCROOT}/Pods/Target Support Files/Pods-Schplit/Pods-Schplit-frameworks.sh\"\n";
			showEnvVarsInLog = 0;
		};
		96867384DB1DB4F530007EA6 /* [CP] Check Pods Manifest.lock */ = {
			isa = PBXShellScriptBuildPhase;
			buildActionMask = 2147483647;
			files = (
			);
			inputPaths = (
			);
			name = "[CP] Check Pods Manifest.lock";
			outputPaths = (
			);
			runOnlyForDeploymentPostprocessing = 0;
			shellPath = /bin/sh;
			shellScript = "diff \"${PODS_ROOT}/../Podfile.lock\" \"${PODS_ROOT}/Manifest.lock\" > /dev/null\nif [ $? != 0 ] ; then\n    # print error to STDERR\n    echo \"error: The sandbox is not in sync with the Podfile.lock. Run 'pod install' or update your CocoaPods installation.\" >&2\n    exit 1\nfi\n";
			showEnvVarsInLog = 0;
		};
		EE71FB70CECE5C2B46874033 /* [CP] Check Pods Manifest.lock */ = {
			isa = PBXShellScriptBuildPhase;
			buildActionMask = 2147483647;
			files = (
			);
			inputPaths = (
			);
			name = "[CP] Check Pods Manifest.lock";
			outputPaths = (
			);
			runOnlyForDeploymentPostprocessing = 0;
			shellPath = /bin/sh;
			shellScript = "diff \"${PODS_ROOT}/../Podfile.lock\" \"${PODS_ROOT}/Manifest.lock\" > /dev/null\nif [ $? != 0 ] ; then\n    # print error to STDERR\n    echo \"error: The sandbox is not in sync with the Podfile.lock. Run 'pod install' or update your CocoaPods installation.\" >&2\n    exit 1\nfi\n";
			showEnvVarsInLog = 0;
		};
/* End PBXShellScriptBuildPhase section */

/* Begin PBXSourcesBuildPhase section */
		9FC1ABC51DBA93F80024FDBE /* Sources */ = {
			isa = PBXSourcesBuildPhase;
			buildActionMask = 2147483647;
			files = (
				9FC1ABF61DBA95DA0024FDBE /* NibLoadingView.swift in Sources */,
				9F55C9671DCEA0270074423B /* AddExpenseView.swift in Sources */,
				9FC1AC321DBAC82D0024FDBE /* GroupService.swift in Sources */,
				9F8E1B961DCE8B0F0078BD71 /* GroupView.swift in Sources */,
				9F55C95F1DCE9F190074423B /* AddExpenseRouter.swift in Sources */,
				9F8E1B711DCE87C70078BD71 /* CreateGroupViewController.swift in Sources */,
				9F8E1B991DCE8C850078BD71 /* GroupViewModel.swift in Sources */,
				9FC1AC291DBAC3F80024FDBE /* SchplitGroup.swift in Sources */,
				9FC1ABCD1DBA93F80024FDBE /* AppDelegate.swift in Sources */,
				9F8E1B661DCE868D0078BD71 /* GroupCell.swift in Sources */,
				9F55C9601DCE9F190074423B /* AddExpenseViewController.swift in Sources */,
				9F55C95E1DCE9F190074423B /* AddExpensePresenter.swift in Sources */,
				9F8E1B901DCE8A250078BD71 /* GroupPresenter.swift in Sources */,
				9F8E1B781DCE88230078BD71 /* SchplitterCell.swift in Sources */,
				9FC1AC2C1DBAC5AF0024FDBE /* GroupRepository.swift in Sources */,
				9FC78DA41DCE813E001E8520 /* GroupListRouter.swift in Sources */,
				9F55C95D1DCE9F190074423B /* AddExpenseInteractor.swift in Sources */,
				9F8E1B7D1DCE89390078BD71 /* GroupListViewModel.swift in Sources */,
				9FC1AC001DBA988C0024FDBE /* GroupListView.swift in Sources */,
				9F55C9611DCE9F190074423B /* AddExpenseViewModel.swift in Sources */,
				9F8E1B761DCE88230078BD71 /* CreateGroupView.swift in Sources */,
				9F8E1B8E1DCE8A250078BD71 /* GroupConfigurator.swift in Sources */,
				9F8E1B911DCE8A250078BD71 /* GroupRouter.swift in Sources */,
				9F55C95C1DCE9F190074423B /* AddExpenseConfigurator.swift in Sources */,
				9F55C96B1DCEA1EA0074423B /* PaymentSchplitterCell.swift in Sources */,
				9F8E1B6D1DCE87C70078BD71 /* CreateGroupConfigurator.swift in Sources */,
				9FC78DA31DCE813E001E8520 /* GroupListPresenter.swift in Sources */,
				9F8E1B7B1DCE892B0078BD71 /* CreateGroupViewModel.swift in Sources */,
				9FC78DA11DCE813E001E8520 /* GroupListConfigurator.swift in Sources */,
				9F8E1B921DCE8A250078BD71 /* GroupViewController.swift in Sources */,
				9F8E1B8F1DCE8A250078BD71 /* GroupInteractor.swift in Sources */,
				9FC78DA51DCE813E001E8520 /* GroupListViewController.swift in Sources */,
				9FC78DA21DCE813E001E8520 /* GroupListInteractor.swift in Sources */,
				9F8E1B701DCE87C70078BD71 /* CreateGroupRouter.swift in Sources */,
				9F8E1B6E1DCE87C70078BD71 /* CreateGroupInteractor.swift in Sources */,
				9FC1AC2F1DBAC5EF0024FDBE /* RealmGroup.swift in Sources */,
				9F8E1B6F1DCE87C70078BD71 /* CreateGroupPresenter.swift in Sources */,
			);
			runOnlyForDeploymentPostprocessing = 0;
		};
		9FC1ABDC1DBA93F80024FDBE /* Sources */ = {
			isa = PBXSourcesBuildPhase;
			buildActionMask = 2147483647;
			files = (
				9FC1AC191DBAA8E80024FDBE /* CreateBillViewControllerTest.swift in Sources */,
				9FC1AC0B1DBA9E8F0024FDBE /* FrontPageViewControllerTest.swift in Sources */,
				9FC1AC1D1DBAAA920024FDBE /* CreateBillInteractorTest.swift in Sources */,
				9FC1AC1F1DBAABEF0024FDBE /* CreateBillPresenterTest.swift in Sources */,
				9FC1AC261DBAC25F0024FDBE /* AsyncTestUtil.swift in Sources */,
			);
			runOnlyForDeploymentPostprocessing = 0;
		};
/* End PBXSourcesBuildPhase section */

/* Begin PBXTargetDependency section */
		9FC1ABE21DBA93F80024FDBE /* PBXTargetDependency */ = {
			isa = PBXTargetDependency;
			target = 9FC1ABC81DBA93F80024FDBE /* Schplit */;
			targetProxy = 9FC1ABE11DBA93F80024FDBE /* PBXContainerItemProxy */;
		};
/* End PBXTargetDependency section */

/* Begin PBXVariantGroup section */
		9FC1ABD01DBA93F80024FDBE /* Main.storyboard */ = {
			isa = PBXVariantGroup;
			children = (
				9FC1ABD11DBA93F80024FDBE /* Base */,
			);
			name = Main.storyboard;
			sourceTree = "<group>";
		};
		9FC1ABD81DBA93F80024FDBE /* LaunchScreen.storyboard */ = {
			isa = PBXVariantGroup;
			children = (
				9FC1ABD91DBA93F80024FDBE /* Base */,
			);
			name = LaunchScreen.storyboard;
			sourceTree = "<group>";
		};
/* End PBXVariantGroup section */

/* Begin XCBuildConfiguration section */
		9FC1ABE71DBA93F80024FDBE /* Debug */ = {
			isa = XCBuildConfiguration;
			buildSettings = {
				ALWAYS_SEARCH_USER_PATHS = NO;
				CLANG_ANALYZER_NONNULL = YES;
				CLANG_CXX_LANGUAGE_STANDARD = "gnu++0x";
				CLANG_CXX_LIBRARY = "libc++";
				CLANG_ENABLE_MODULES = YES;
				CLANG_ENABLE_OBJC_ARC = YES;
				CLANG_WARN_BOOL_CONVERSION = YES;
				CLANG_WARN_CONSTANT_CONVERSION = YES;
				CLANG_WARN_DIRECT_OBJC_ISA_USAGE = YES_ERROR;
				CLANG_WARN_DOCUMENTATION_COMMENTS = YES;
				CLANG_WARN_EMPTY_BODY = YES;
				CLANG_WARN_ENUM_CONVERSION = YES;
				CLANG_WARN_INFINITE_RECURSION = YES;
				CLANG_WARN_INT_CONVERSION = YES;
				CLANG_WARN_OBJC_ROOT_CLASS = YES_ERROR;
				CLANG_WARN_SUSPICIOUS_MOVE = YES;
				CLANG_WARN_SUSPICIOUS_MOVES = YES;
				CLANG_WARN_UNREACHABLE_CODE = YES;
				CLANG_WARN__DUPLICATE_METHOD_MATCH = YES;
				"CODE_SIGN_IDENTITY[sdk=iphoneos*]" = "iPhone Developer";
				COPY_PHASE_STRIP = NO;
				DEBUG_INFORMATION_FORMAT = dwarf;
				ENABLE_STRICT_OBJC_MSGSEND = YES;
				ENABLE_TESTABILITY = YES;
				GCC_C_LANGUAGE_STANDARD = gnu99;
				GCC_DYNAMIC_NO_PIC = NO;
				GCC_NO_COMMON_BLOCKS = YES;
				GCC_OPTIMIZATION_LEVEL = 0;
				GCC_PREPROCESSOR_DEFINITIONS = (
					"DEBUG=1",
					"$(inherited)",
				);
				GCC_WARN_64_TO_32_BIT_CONVERSION = YES;
				GCC_WARN_ABOUT_RETURN_TYPE = YES_ERROR;
				GCC_WARN_UNDECLARED_SELECTOR = YES;
				GCC_WARN_UNINITIALIZED_AUTOS = YES_AGGRESSIVE;
				GCC_WARN_UNUSED_FUNCTION = YES;
				GCC_WARN_UNUSED_VARIABLE = YES;
				IPHONEOS_DEPLOYMENT_TARGET = 10.0;
				MTL_ENABLE_DEBUG_INFO = YES;
				ONLY_ACTIVE_ARCH = YES;
				SDKROOT = iphoneos;
				SWIFT_ACTIVE_COMPILATION_CONDITIONS = DEBUG;
				SWIFT_OPTIMIZATION_LEVEL = "-Onone";
				TARGETED_DEVICE_FAMILY = "1,2";
			};
			name = Debug;
		};
		9FC1ABE81DBA93F80024FDBE /* Release */ = {
			isa = XCBuildConfiguration;
			buildSettings = {
				ALWAYS_SEARCH_USER_PATHS = NO;
				CLANG_ANALYZER_NONNULL = YES;
				CLANG_CXX_LANGUAGE_STANDARD = "gnu++0x";
				CLANG_CXX_LIBRARY = "libc++";
				CLANG_ENABLE_MODULES = YES;
				CLANG_ENABLE_OBJC_ARC = YES;
				CLANG_WARN_BOOL_CONVERSION = YES;
				CLANG_WARN_CONSTANT_CONVERSION = YES;
				CLANG_WARN_DIRECT_OBJC_ISA_USAGE = YES_ERROR;
				CLANG_WARN_DOCUMENTATION_COMMENTS = YES;
				CLANG_WARN_EMPTY_BODY = YES;
				CLANG_WARN_ENUM_CONVERSION = YES;
				CLANG_WARN_INFINITE_RECURSION = YES;
				CLANG_WARN_INT_CONVERSION = YES;
				CLANG_WARN_OBJC_ROOT_CLASS = YES_ERROR;
				CLANG_WARN_SUSPICIOUS_MOVE = YES;
				CLANG_WARN_SUSPICIOUS_MOVES = YES;
				CLANG_WARN_UNREACHABLE_CODE = YES;
				CLANG_WARN__DUPLICATE_METHOD_MATCH = YES;
				"CODE_SIGN_IDENTITY[sdk=iphoneos*]" = "iPhone Developer";
				COPY_PHASE_STRIP = NO;
				DEBUG_INFORMATION_FORMAT = "dwarf-with-dsym";
				ENABLE_NS_ASSERTIONS = NO;
				ENABLE_STRICT_OBJC_MSGSEND = YES;
				GCC_C_LANGUAGE_STANDARD = gnu99;
				GCC_NO_COMMON_BLOCKS = YES;
				GCC_WARN_64_TO_32_BIT_CONVERSION = YES;
				GCC_WARN_ABOUT_RETURN_TYPE = YES_ERROR;
				GCC_WARN_UNDECLARED_SELECTOR = YES;
				GCC_WARN_UNINITIALIZED_AUTOS = YES_AGGRESSIVE;
				GCC_WARN_UNUSED_FUNCTION = YES;
				GCC_WARN_UNUSED_VARIABLE = YES;
				IPHONEOS_DEPLOYMENT_TARGET = 10.0;
				MTL_ENABLE_DEBUG_INFO = NO;
				SDKROOT = iphoneos;
				SWIFT_OPTIMIZATION_LEVEL = "-Owholemodule";
				TARGETED_DEVICE_FAMILY = "1,2";
				VALIDATE_PRODUCT = YES;
			};
			name = Release;
		};
		9FC1ABEA1DBA93F80024FDBE /* Debug */ = {
			isa = XCBuildConfiguration;
			baseConfigurationReference = 0DDE3C92C7D64DD4BBC51352 /* Pods-Schplit.debug.xcconfig */;
			buildSettings = {
				ALWAYS_EMBED_SWIFT_STANDARD_LIBRARIES = YES;
				ASSETCATALOG_COMPILER_APPICON_NAME = AppIcon;
				DEVELOPMENT_TEAM = 643MJ6ZSSD;
				INFOPLIST_FILE = Schplit/Info.plist;
				LD_RUNPATH_SEARCH_PATHS = "$(inherited) @executable_path/Frameworks";
				PRODUCT_BUNDLE_IDENTIFIER = no.andersu.Schplit;
				PRODUCT_NAME = "$(TARGET_NAME)";
				SWIFT_VERSION = 3.0;
			};
			name = Debug;
		};
		9FC1ABEB1DBA93F80024FDBE /* Release */ = {
			isa = XCBuildConfiguration;
			baseConfigurationReference = 7C3EDCB2AE5339F3B4C3F988 /* Pods-Schplit.release.xcconfig */;
			buildSettings = {
				ALWAYS_EMBED_SWIFT_STANDARD_LIBRARIES = YES;
				ASSETCATALOG_COMPILER_APPICON_NAME = AppIcon;
				DEVELOPMENT_TEAM = 643MJ6ZSSD;
				INFOPLIST_FILE = Schplit/Info.plist;
				LD_RUNPATH_SEARCH_PATHS = "$(inherited) @executable_path/Frameworks";
				PRODUCT_BUNDLE_IDENTIFIER = no.andersu.Schplit;
				PRODUCT_NAME = "$(TARGET_NAME)";
				SWIFT_VERSION = 3.0;
			};
			name = Release;
		};
		9FC1ABED1DBA93F80024FDBE /* Debug */ = {
			isa = XCBuildConfiguration;
			baseConfigurationReference = 103DC698F1D3D5EEACAAA60A /* Pods-SchplitTests.debug.xcconfig */;
			buildSettings = {
				ALWAYS_EMBED_SWIFT_STANDARD_LIBRARIES = "$(inherited)";
				BUNDLE_LOADER = "$(TEST_HOST)";
				DEVELOPMENT_TEAM = 643MJ6ZSSD;
				INFOPLIST_FILE = SchplitTests/Info.plist;
				LD_RUNPATH_SEARCH_PATHS = "$(inherited) @executable_path/Frameworks @loader_path/Frameworks";
				PRODUCT_BUNDLE_IDENTIFIER = no.andersu.SchplitTests;
				PRODUCT_NAME = "$(TARGET_NAME)";
				SWIFT_VERSION = 3.0;
				TEST_HOST = "$(BUILT_PRODUCTS_DIR)/Schplit.app/Schplit";
			};
			name = Debug;
		};
		9FC1ABEE1DBA93F80024FDBE /* Release */ = {
			isa = XCBuildConfiguration;
			baseConfigurationReference = 7ABE3F0B1C095C63D78B4FF4 /* Pods-SchplitTests.release.xcconfig */;
			buildSettings = {
				ALWAYS_EMBED_SWIFT_STANDARD_LIBRARIES = "$(inherited)";
				BUNDLE_LOADER = "$(TEST_HOST)";
				DEVELOPMENT_TEAM = 643MJ6ZSSD;
				INFOPLIST_FILE = SchplitTests/Info.plist;
				LD_RUNPATH_SEARCH_PATHS = "$(inherited) @executable_path/Frameworks @loader_path/Frameworks";
				PRODUCT_BUNDLE_IDENTIFIER = no.andersu.SchplitTests;
				PRODUCT_NAME = "$(TARGET_NAME)";
				SWIFT_VERSION = 3.0;
				TEST_HOST = "$(BUILT_PRODUCTS_DIR)/Schplit.app/Schplit";
			};
			name = Release;
		};
/* End XCBuildConfiguration section */

/* Begin XCConfigurationList section */
		9FC1ABC41DBA93F80024FDBE /* Build configuration list for PBXProject "Schplit" */ = {
			isa = XCConfigurationList;
			buildConfigurations = (
				9FC1ABE71DBA93F80024FDBE /* Debug */,
				9FC1ABE81DBA93F80024FDBE /* Release */,
			);
			defaultConfigurationIsVisible = 0;
			defaultConfigurationName = Release;
		};
		9FC1ABE91DBA93F80024FDBE /* Build configuration list for PBXNativeTarget "Schplit" */ = {
			isa = XCConfigurationList;
			buildConfigurations = (
				9FC1ABEA1DBA93F80024FDBE /* Debug */,
				9FC1ABEB1DBA93F80024FDBE /* Release */,
			);
			defaultConfigurationIsVisible = 0;
			defaultConfigurationName = Release;
		};
		9FC1ABEC1DBA93F80024FDBE /* Build configuration list for PBXNativeTarget "SchplitTests" */ = {
			isa = XCConfigurationList;
			buildConfigurations = (
				9FC1ABED1DBA93F80024FDBE /* Debug */,
				9FC1ABEE1DBA93F80024FDBE /* Release */,
			);
			defaultConfigurationIsVisible = 0;
			defaultConfigurationName = Release;
		};
/* End XCConfigurationList section */
	};
	rootObject = 9FC1ABC11DBA93F80024FDBE /* Project object */;
}
